
Microsoft Visual Studio Solution File, Format Version 12.00
# Visual Studio Version 17
VisualStudioVersion = 17.1.32210.238
MinimumVisualStudioVersion = 10.0.40219.1
Project("{8BC9CEB8-8B4A-11D0-8D11-00A0C91BC942}") = "LAB9_a", "LAB9_a\LAB9_a.vcxproj", "{EC112753-9011-42EB-9653-2F702634EEF2}"
EndProject
Project("{8BC9CEB8-8B4A-11D0-8D11-00A0C91BC942}") = "LAB9_b", "LAB9_b\LAB9_b.vcxproj", "{C24B13E0-6FE4-42C0-9838-1C43E52E4DF6}"
EndProject
Project("{8BC9CEB8-8B4A-11D0-8D11-00A0C91BC942}") = "LAB9_1", "LAB9_1\LAB9_1.vcxproj", "{D5103738-7025-4197-92FD-862BE7C153F1}"
EndProject
Project("{8BC9CEB8-8B4A-11D0-8D11-00A0C91BC942}") = "LAB9_2", "LAB9_2\LAB9_2.vcxproj", "{00E4D3A6-85A6-4910-A79B-1188993A9C7B}"
EndProject
Project("{8BC9CEB8-8B4A-11D0-8D11-00A0C91BC942}") = "LAB9_3_1", "LAB9_3_1\LAB9_3_1.vcxproj", "{5572C47B-FF18-44EC-89F6-E847C9FC31DE}"
EndProject
Project("{8BC9CEB8-8B4A-11D0-8D11-00A0C91BC942}") = "LAB9_3_2", "LAB9_3_2\LAB9_3_2.vcxproj", "{694CE128-503A-44EA-9A62-63A86618D608}"
EndProject
Project("{8BC9CEB8-8B4A-11D0-8D11-00A0C91BC942}") = "LAB9_4_0", "LAB9_4_0\LAB9_4_0.vcxproj", "{D2A9EE7B-C383-4C3F-8542-1ECDCE913EC1}"
EndProject
Project("{8BC9CEB8-8B4A-11D0-8D11-00A0C91BC942}") = "HW9_1", "HW9_1\HW9_1.vcxproj", "{54DE1F61-5BE5-4BCB-8A97-BE0BFE9923F8}"
EndProject
Project("{8BC9CEB8-8B4A-11D0-8D11-00A0C91BC942}") = "HW9_2_1", "HW9_2_1\HW9_2_1.vcxproj", "{0CE662CF-4A47-467B-B1E3-1AD1AE181FFE}"
EndProject
Project("{8BC9CEB8-8B4A-11D0-8D11-00A0C91BC942}") = "HW9_2_2", "HW9_2_2\HW9_2_2.vcxproj", "{2A5C37AA-D8AD-4ED4-836E-617562D7F4BA}"
EndProject
Project("{8BC9CEB8-8B4A-11D0-8D11-00A0C91BC942}") = "HW9_3", "HW9_3\HW9_3.vcxproj", "{DEC4E11F-002E-43BB-90F8-0142B55D4CFF}"
EndProject
Project("{8BC9CEB8-8B4A-11D0-8D11-00A0C91BC942}") = "LAB9_4_a", "LAB9_4_a\LAB9_4_a.vcxproj", "{03666F60-DF3D-48D1-8CF2-1229436A30BA}"
EndProject
Project("{8BC9CEB8-8B4A-11D0-8D11-00A0C91BC942}") = "LAB9_4_b", "LAB9_4_b\LAB9_4_b.vcxproj", "{246C15F0-A372-42F2-B814-5F5DBDC7EADE}"
EndProject
Project("{8BC9CEB8-8B4A-11D0-8D11-00A0C91BC942}") = "HW9_4", "HW9_4\HW9_4.vcxproj", "{57D3284F-93A8-4FDD-8D56-6907C60D3C53}"
EndProject
Project("{8BC9CEB8-8B4A-11D0-8D11-00A0C91BC942}") = "HW9_6", "HW9_6\HW9_6.vcxproj", "{C79D676E-C27B-47C7-96F2-4F3A390B1806}"
EndProject
Project("{8BC9CEB8-8B4A-11D0-8D11-00A0C91BC942}") = "예1_정수를 거꾸로 출력", "예1_정수를 거꾸로 출력\예1_정수를 거꾸로 출력.vcxproj", "{382DE0D8-5641-4B33-8678-557F6D9EC573}"
EndProject
Project("{8BC9CEB8-8B4A-11D0-8D11-00A0C91BC942}") = "예2_m보다 작거나 같은 n의 배수 출력", "예2_m보다 작거나 같은 n의 배수 출력\예2_m보다 작거나 같은 n의 배수 출력.vcxproj", "{CF791133-F5D2-4840-8740-266E8E6E351C}"
EndProject
Project("{8BC9CEB8-8B4A-11D0-8D11-00A0C91BC942}") = "HW7_5(거꾸로 이진수)", "HW7_5(거꾸로 이진수)\HW7_5(거꾸로 이진수).vcxproj", "{FCB6418A-D4B1-49CB-80D5-B65544C2F465}"
EndProject
Project("{8BC9CEB8-8B4A-11D0-8D11-00A0C91BC942}") = "HW9_5(공식 k값)", "HW9_5(공식 k값)\HW9_5(공식 k값).vcxproj", "{5AAA7420-714A-4BC4-9A8C-B246133D7D17}"
EndProject
Project("{8BC9CEB8-8B4A-11D0-8D11-00A0C91BC942}") = "2020 중간고사 문제3(자리수)", "2020 중간고사 문제3(자리수)\2020 중간고사 문제3(자리수).vcxproj", "{C2A8A196-1300-4073-9205-063CA28AA683}"
EndProject
Global
	GlobalSection(SolutionConfigurationPlatforms) = preSolution
		Debug|x64 = Debug|x64
		Debug|x86 = Debug|x86
		Release|x64 = Release|x64
		Release|x86 = Release|x86
	EndGlobalSection
	GlobalSection(ProjectConfigurationPlatforms) = postSolution
		{EC112753-9011-42EB-9653-2F702634EEF2}.Debug|x64.ActiveCfg = Debug|x64
		{EC112753-9011-42EB-9653-2F702634EEF2}.Debug|x64.Build.0 = Debug|x64
		{EC112753-9011-42EB-9653-2F702634EEF2}.Debug|x86.ActiveCfg = Debug|Win32
		{EC112753-9011-42EB-9653-2F702634EEF2}.Debug|x86.Build.0 = Debug|Win32
		{EC112753-9011-42EB-9653-2F702634EEF2}.Release|x64.ActiveCfg = Release|x64
		{EC112753-9011-42EB-9653-2F702634EEF2}.Release|x64.Build.0 = Release|x64
		{EC112753-9011-42EB-9653-2F702634EEF2}.Release|x86.ActiveCfg = Release|Win32
		{EC112753-9011-42EB-9653-2F702634EEF2}.Release|x86.Build.0 = Release|Win32
		{C24B13E0-6FE4-42C0-9838-1C43E52E4DF6}.Debug|x64.ActiveCfg = Debug|x64
		{C24B13E0-6FE4-42C0-9838-1C43E52E4DF6}.Debug|x64.Build.0 = Debug|x64
		{C24B13E0-6FE4-42C0-9838-1C43E52E4DF6}.Debug|x86.ActiveCfg = Debug|Win32
		{C24B13E0-6FE4-42C0-9838-1C43E52E4DF6}.Debug|x86.Build.0 = Debug|Win32
		{C24B13E0-6FE4-42C0-9838-1C43E52E4DF6}.Release|x64.ActiveCfg = Release|x64
		{C24B13E0-6FE4-42C0-9838-1C43E52E4DF6}.Release|x64.Build.0 = Release|x64
		{C24B13E0-6FE4-42C0-9838-1C43E52E4DF6}.Release|x86.ActiveCfg = Release|Win32
		{C24B13E0-6FE4-42C0-9838-1C43E52E4DF6}.Release|x86.Build.0 = Release|Win32
		{D5103738-7025-4197-92FD-862BE7C153F1}.Debug|x64.ActiveCfg = Debug|x64
		{D5103738-7025-4197-92FD-862BE7C153F1}.Debug|x64.Build.0 = Debug|x64
		{D5103738-7025-4197-92FD-862BE7C153F1}.Debug|x86.ActiveCfg = Debug|Win32
		{D5103738-7025-4197-92FD-862BE7C153F1}.Debug|x86.Build.0 = Debug|Win32
		{D5103738-7025-4197-92FD-862BE7C153F1}.Release|x64.ActiveCfg = Release|x64
		{D5103738-7025-4197-92FD-862BE7C153F1}.Release|x64.Build.0 = Release|x64
		{D5103738-7025-4197-92FD-862BE7C153F1}.Release|x86.ActiveCfg = Release|Win32
		{D5103738-7025-4197-92FD-862BE7C153F1}.Release|x86.Build.0 = Release|Win32
		{00E4D3A6-85A6-4910-A79B-1188993A9C7B}.Debug|x64.ActiveCfg = Debug|x64
		{00E4D3A6-85A6-4910-A79B-1188993A9C7B}.Debug|x64.Build.0 = Debug|x64
		{00E4D3A6-85A6-4910-A79B-1188993A9C7B}.Debug|x86.ActiveCfg = Debug|Win32
		{00E4D3A6-85A6-4910-A79B-1188993A9C7B}.Debug|x86.Build.0 = Debug|Win32
		{00E4D3A6-85A6-4910-A79B-1188993A9C7B}.Release|x64.ActiveCfg = Release|x64
		{00E4D3A6-85A6-4910-A79B-1188993A9C7B}.Release|x64.Build.0 = Release|x64
		{00E4D3A6-85A6-4910-A79B-1188993A9C7B}.Release|x86.ActiveCfg = Release|Win32
		{00E4D3A6-85A6-4910-A79B-1188993A9C7B}.Release|x86.Build.0 = Release|Win32
		{5572C47B-FF18-44EC-89F6-E847C9FC31DE}.Debug|x64.ActiveCfg = Debug|x64
		{5572C47B-FF18-44EC-89F6-E847C9FC31DE}.Debug|x64.Build.0 = Debug|x64
		{5572C47B-FF18-44EC-89F6-E847C9FC31DE}.Debug|x86.ActiveCfg = Debug|Win32
		{5572C47B-FF18-44EC-89F6-E847C9FC31DE}.Debug|x86.Build.0 = Debug|Win32
		{5572C47B-FF18-44EC-89F6-E847C9FC31DE}.Release|x64.ActiveCfg = Release|x64
		{5572C47B-FF18-44EC-89F6-E847C9FC31DE}.Release|x64.Build.0 = Release|x64
		{5572C47B-FF18-44EC-89F6-E847C9FC31DE}.Release|x86.ActiveCfg = Release|Win32
		{5572C47B-FF18-44EC-89F6-E847C9FC31DE}.Release|x86.Build.0 = Release|Win32
		{694CE128-503A-44EA-9A62-63A86618D608}.Debug|x64.ActiveCfg = Debug|x64
		{694CE128-503A-44EA-9A62-63A86618D608}.Debug|x64.Build.0 = Debug|x64
		{694CE128-503A-44EA-9A62-63A86618D608}.Debug|x86.ActiveCfg = Debug|Win32
		{694CE128-503A-44EA-9A62-63A86618D608}.Debug|x86.Build.0 = Debug|Win32
		{694CE128-503A-44EA-9A62-63A86618D608}.Release|x64.ActiveCfg = Release|x64
		{694CE128-503A-44EA-9A62-63A86618D608}.Release|x64.Build.0 = Release|x64
		{694CE128-503A-44EA-9A62-63A86618D608}.Release|x86.ActiveCfg = Release|Win32
		{694CE128-503A-44EA-9A62-63A86618D608}.Release|x86.Build.0 = Release|Win32
		{D2A9EE7B-C383-4C3F-8542-1ECDCE913EC1}.Debug|x64.ActiveCfg = Debug|x64
		{D2A9EE7B-C383-4C3F-8542-1ECDCE913EC1}.Debug|x64.Build.0 = Debug|x64
		{D2A9EE7B-C383-4C3F-8542-1ECDCE913EC1}.Debug|x86.ActiveCfg = Debug|Win32
		{D2A9EE7B-C383-4C3F-8542-1ECDCE913EC1}.Debug|x86.Build.0 = Debug|Win32
		{D2A9EE7B-C383-4C3F-8542-1ECDCE913EC1}.Release|x64.ActiveCfg = Release|x64
		{D2A9EE7B-C383-4C3F-8542-1ECDCE913EC1}.Release|x64.Build.0 = Release|x64
		{D2A9EE7B-C383-4C3F-8542-1ECDCE913EC1}.Release|x86.ActiveCfg = Release|Win32
		{D2A9EE7B-C383-4C3F-8542-1ECDCE913EC1}.Release|x86.Build.0 = Release|Win32
		{54DE1F61-5BE5-4BCB-8A97-BE0BFE9923F8}.Debug|x64.ActiveCfg = Debug|x64
		{54DE1F61-5BE5-4BCB-8A97-BE0BFE9923F8}.Debug|x64.Build.0 = Debug|x64
		{54DE1F61-5BE5-4BCB-8A97-BE0BFE9923F8}.Debug|x86.ActiveCfg = Debug|Win32
		{54DE1F61-5BE5-4BCB-8A97-BE0BFE9923F8}.Debug|x86.Build.0 = Debug|Win32
		{54DE1F61-5BE5-4BCB-8A97-BE0BFE9923F8}.Release|x64.ActiveCfg = Release|x64
		{54DE1F61-5BE5-4BCB-8A97-BE0BFE9923F8}.Release|x64.Build.0 = Release|x64
		{54DE1F61-5BE5-4BCB-8A97-BE0BFE9923F8}.Release|x86.ActiveCfg = Release|Win32
		{54DE1F61-5BE5-4BCB-8A97-BE0BFE9923F8}.Release|x86.Build.0 = Release|Win32
		{0CE662CF-4A47-467B-B1E3-1AD1AE181FFE}.Debug|x64.ActiveCfg = Debug|x64
		{0CE662CF-4A47-467B-B1E3-1AD1AE181FFE}.Debug|x64.Build.0 = Debug|x64
		{0CE662CF-4A47-467B-B1E3-1AD1AE181FFE}.Debug|x86.ActiveCfg = Debug|Win32
		{0CE662CF-4A47-467B-B1E3-1AD1AE181FFE}.Debug|x86.Build.0 = Debug|Win32
		{0CE662CF-4A47-467B-B1E3-1AD1AE181FFE}.Release|x64.ActiveCfg = Release|x64
		{0CE662CF-4A47-467B-B1E3-1AD1AE181FFE}.Release|x64.Build.0 = Release|x64
		{0CE662CF-4A47-467B-B1E3-1AD1AE181FFE}.Release|x86.ActiveCfg = Release|Win32
		{0CE662CF-4A47-467B-B1E3-1AD1AE181FFE}.Release|x86.Build.0 = Release|Win32
		{2A5C37AA-D8AD-4ED4-836E-617562D7F4BA}.Debug|x64.ActiveCfg = Debug|x64
		{2A5C37AA-D8AD-4ED4-836E-617562D7F4BA}.Debug|x64.Build.0 = Debug|x64
		{2A5C37AA-D8AD-4ED4-836E-617562D7F4BA}.Debug|x86.ActiveCfg = Debug|Win32
		{2A5C37AA-D8AD-4ED4-836E-617562D7F4BA}.Debug|x86.Build.0 = Debug|Win32
		{2A5C37AA-D8AD-4ED4-836E-617562D7F4BA}.Release|x64.ActiveCfg = Release|x64
		{2A5C37AA-D8AD-4ED4-836E-617562D7F4BA}.Release|x64.Build.0 = Release|x64
		{2A5C37AA-D8AD-4ED4-836E-617562D7F4BA}.Release|x86.ActiveCfg = Release|Win32
		{2A5C37AA-D8AD-4ED4-836E-617562D7F4BA}.Release|x86.Build.0 = Release|Win32
		{DEC4E11F-002E-43BB-90F8-0142B55D4CFF}.Debug|x64.ActiveCfg = Debug|x64
		{DEC4E11F-002E-43BB-90F8-0142B55D4CFF}.Debug|x64.Build.0 = Debug|x64
		{DEC4E11F-002E-43BB-90F8-0142B55D4CFF}.Debug|x86.ActiveCfg = Debug|Win32
		{DEC4E11F-002E-43BB-90F8-0142B55D4CFF}.Debug|x86.Build.0 = Debug|Win32
		{DEC4E11F-002E-43BB-90F8-0142B55D4CFF}.Release|x64.ActiveCfg = Release|x64
		{DEC4E11F-002E-43BB-90F8-0142B55D4CFF}.Release|x64.Build.0 = Release|x64
		{DEC4E11F-002E-43BB-90F8-0142B55D4CFF}.Release|x86.ActiveCfg = Release|Win32
		{DEC4E11F-002E-43BB-90F8-0142B55D4CFF}.Release|x86.Build.0 = Release|Win32
		{03666F60-DF3D-48D1-8CF2-1229436A30BA}.Debug|x64.ActiveCfg = Debug|x64
		{03666F60-DF3D-48D1-8CF2-1229436A30BA}.Debug|x64.Build.0 = Debug|x64
		{03666F60-DF3D-48D1-8CF2-1229436A30BA}.Debug|x86.ActiveCfg = Debug|Win32
		{03666F60-DF3D-48D1-8CF2-1229436A30BA}.Debug|x86.Build.0 = Debug|Win32
		{03666F60-DF3D-48D1-8CF2-1229436A30BA}.Release|x64.ActiveCfg = Release|x64
		{03666F60-DF3D-48D1-8CF2-1229436A30BA}.Release|x64.Build.0 = Release|x64
		{03666F60-DF3D-48D1-8CF2-1229436A30BA}.Release|x86.ActiveCfg = Release|Win32
		{03666F60-DF3D-48D1-8CF2-1229436A30BA}.Release|x86.Build.0 = Release|Win32
		{246C15F0-A372-42F2-B814-5F5DBDC7EADE}.Debug|x64.ActiveCfg = Debug|x64
		{246C15F0-A372-42F2-B814-5F5DBDC7EADE}.Debug|x64.Build.0 = Debug|x64
		{246C15F0-A372-42F2-B814-5F5DBDC7EADE}.Debug|x86.ActiveCfg = Debug|Win32
		{246C15F0-A372-42F2-B814-5F5DBDC7EADE}.Debug|x86.Build.0 = Debug|Win32
		{246C15F0-A372-42F2-B814-5F5DBDC7EADE}.Release|x64.ActiveCfg = Release|x64
		{246C15F0-A372-42F2-B814-5F5DBDC7EADE}.Release|x64.Build.0 = Release|x64
		{246C15F0-A372-42F2-B814-5F5DBDC7EADE}.Release|x86.ActiveCfg = Release|Win32
		{246C15F0-A372-42F2-B814-5F5DBDC7EADE}.Release|x86.Build.0 = Release|Win32
		{57D3284F-93A8-4FDD-8D56-6907C60D3C53}.Debug|x64.ActiveCfg = Debug|x64
		{57D3284F-93A8-4FDD-8D56-6907C60D3C53}.Debug|x64.Build.0 = Debug|x64
		{57D3284F-93A8-4FDD-8D56-6907C60D3C53}.Debug|x86.ActiveCfg = Debug|Win32
		{57D3284F-93A8-4FDD-8D56-6907C60D3C53}.Debug|x86.Build.0 = Debug|Win32
		{57D3284F-93A8-4FDD-8D56-6907C60D3C53}.Release|x64.ActiveCfg = Release|x64
		{57D3284F-93A8-4FDD-8D56-6907C60D3C53}.Release|x64.Build.0 = Release|x64
		{57D3284F-93A8-4FDD-8D56-6907C60D3C53}.Release|x86.ActiveCfg = Release|Win32
		{57D3284F-93A8-4FDD-8D56-6907C60D3C53}.Release|x86.Build.0 = Release|Win32
		{C79D676E-C27B-47C7-96F2-4F3A390B1806}.Debug|x64.ActiveCfg = Debug|x64
		{C79D676E-C27B-47C7-96F2-4F3A390B1806}.Debug|x64.Build.0 = Debug|x64
		{C79D676E-C27B-47C7-96F2-4F3A390B1806}.Debug|x86.ActiveCfg = Debug|Win32
		{C79D676E-C27B-47C7-96F2-4F3A390B1806}.Debug|x86.Build.0 = Debug|Win32
		{C79D676E-C27B-47C7-96F2-4F3A390B1806}.Release|x64.ActiveCfg = Release|x64
		{C79D676E-C27B-47C7-96F2-4F3A390B1806}.Release|x64.Build.0 = Release|x64
		{C79D676E-C27B-47C7-96F2-4F3A390B1806}.Release|x86.ActiveCfg = Release|Win32
		{C79D676E-C27B-47C7-96F2-4F3A390B1806}.Release|x86.Build.0 = Release|Win32
		{382DE0D8-5641-4B33-8678-557F6D9EC573}.Debug|x64.ActiveCfg = Debug|x64
		{382DE0D8-5641-4B33-8678-557F6D9EC573}.Debug|x64.Build.0 = Debug|x64
		{382DE0D8-5641-4B33-8678-557F6D9EC573}.Debug|x86.ActiveCfg = Debug|Win32
		{382DE0D8-5641-4B33-8678-557F6D9EC573}.Debug|x86.Build.0 = Debug|Win32
		{382DE0D8-5641-4B33-8678-557F6D9EC573}.Release|x64.ActiveCfg = Release|x64
		{382DE0D8-5641-4B33-8678-557F6D9EC573}.Release|x64.Build.0 = Release|x64
		{382DE0D8-5641-4B33-8678-557F6D9EC573}.Release|x86.ActiveCfg = Release|Win32
		{382DE0D8-5641-4B33-8678-557F6D9EC573}.Release|x86.Build.0 = Release|Win32
		{CF791133-F5D2-4840-8740-266E8E6E351C}.Debug|x64.ActiveCfg = Debug|x64
		{CF791133-F5D2-4840-8740-266E8E6E351C}.Debug|x64.Build.0 = Debug|x64
		{CF791133-F5D2-4840-8740-266E8E6E351C}.Debug|x86.ActiveCfg = Debug|Win32
		{CF791133-F5D2-4840-8740-266E8E6E351C}.Debug|x86.Build.0 = Debug|Win32
		{CF791133-F5D2-4840-8740-266E8E6E351C}.Release|x64.ActiveCfg = Release|x64
		{CF791133-F5D2-4840-8740-266E8E6E351C}.Release|x64.Build.0 = Release|x64
		{CF791133-F5D2-4840-8740-266E8E6E351C}.Release|x86.ActiveCfg = Release|Win32
		{CF791133-F5D2-4840-8740-266E8E6E351C}.Release|x86.Build.0 = Release|Win32
		{FCB6418A-D4B1-49CB-80D5-B65544C2F465}.Debug|x64.ActiveCfg = Debug|x64
		{FCB6418A-D4B1-49CB-80D5-B65544C2F465}.Debug|x64.Build.0 = Debug|x64
		{FCB6418A-D4B1-49CB-80D5-B65544C2F465}.Debug|x86.ActiveCfg = Debug|Win32
		{FCB6418A-D4B1-49CB-80D5-B65544C2F465}.Debug|x86.Build.0 = Debug|Win32
		{FCB6418A-D4B1-49CB-80D5-B65544C2F465}.Release|x64.ActiveCfg = Release|x64
		{FCB6418A-D4B1-49CB-80D5-B65544C2F465}.Release|x64.Build.0 = Release|x64
		{FCB6418A-D4B1-49CB-80D5-B65544C2F465}.Release|x86.ActiveCfg = Release|Win32
		{FCB6418A-D4B1-49CB-80D5-B65544C2F465}.Release|x86.Build.0 = Release|Win32
		{5AAA7420-714A-4BC4-9A8C-B246133D7D17}.Debug|x64.ActiveCfg = Debug|x64
		{5AAA7420-714A-4BC4-9A8C-B246133D7D17}.Debug|x64.Build.0 = Debug|x64
		{5AAA7420-714A-4BC4-9A8C-B246133D7D17}.Debug|x86.ActiveCfg = Debug|Win32
		{5AAA7420-714A-4BC4-9A8C-B246133D7D17}.Debug|x86.Build.0 = Debug|Win32
		{5AAA7420-714A-4BC4-9A8C-B246133D7D17}.Release|x64.ActiveCfg = Release|x64
		{5AAA7420-714A-4BC4-9A8C-B246133D7D17}.Release|x64.Build.0 = Release|x64
		{5AAA7420-714A-4BC4-9A8C-B246133D7D17}.Release|x86.ActiveCfg = Release|Win32
		{5AAA7420-714A-4BC4-9A8C-B246133D7D17}.Release|x86.Build.0 = Release|Win32
		{C2A8A196-1300-4073-9205-063CA28AA683}.Debug|x64.ActiveCfg = Debug|x64
		{C2A8A196-1300-4073-9205-063CA28AA683}.Debug|x64.Build.0 = Debug|x64
		{C2A8A196-1300-4073-9205-063CA28AA683}.Debug|x86.ActiveCfg = Debug|Win32
		{C2A8A196-1300-4073-9205-063CA28AA683}.Debug|x86.Build.0 = Debug|Win32
		{C2A8A196-1300-4073-9205-063CA28AA683}.Release|x64.ActiveCfg = Release|x64
		{C2A8A196-1300-4073-9205-063CA28AA683}.Release|x64.Build.0 = Release|x64
		{C2A8A196-1300-4073-9205-063CA28AA683}.Release|x86.ActiveCfg = Release|Win32
		{C2A8A196-1300-4073-9205-063CA28AA683}.Release|x86.Build.0 = Release|Win32
	EndGlobalSection
	GlobalSection(SolutionProperties) = preSolution
		HideSolutionNode = FALSE
	EndGlobalSection
	GlobalSection(ExtensibilityGlobals) = postSolution
		SolutionGuid = {2963A577-C7B8-4574-B254-90C87C64EAB7}
	EndGlobalSection
EndGlobal
