
Microsoft Visual Studio Solution File, Format Version 12.00
# Visual Studio Version 17
VisualStudioVersion = 17.1.32210.238
MinimumVisualStudioVersion = 10.0.40219.1
Project("{8BC9CEB8-8B4A-11D0-8D11-00A0C91BC942}") = "LAB14_1", "LAB14_1\LAB14_1.vcxproj", "{3DAEC7B0-9346-4252-827E-5B539BEAA67C}"
EndProject
Project("{8BC9CEB8-8B4A-11D0-8D11-00A0C91BC942}") = "LAB13_1F", "LAB13_1F\LAB13_1F.vcxproj", "{C3CF7A9D-7BA4-41B7-A656-23727E940A24}"
EndProject
Project("{8BC9CEB8-8B4A-11D0-8D11-00A0C91BC942}") = "LAB13_1F 응용", "LAB13_1F 응용\LAB13_1F 응용.vcxproj", "{B036792B-E8A5-4D98-A6D7-1CC520F1B48B}"
EndProject
Project("{8BC9CEB8-8B4A-11D0-8D11-00A0C91BC942}") = "LAB13_2F", "LAB13_2F\LAB13_2F.vcxproj", "{681D721F-6F63-480E-AC66-55A81C460D8C}"
EndProject
Project("{8BC9CEB8-8B4A-11D0-8D11-00A0C91BC942}") = "LAB14_2(역순배열만들기)", "LAB14_2(역순배열만들기)\LAB14_2(역순배열만들기).vcxproj", "{2401281C-A0B4-471A-B66F-CBD8A4B0B3A9}"
EndProject
Project("{8BC9CEB8-8B4A-11D0-8D11-00A0C91BC942}") = "LAB13_5F(역순 배열 이용하여 이진수 구하기)", "LAB13_5F(역순 배열 이용하여 이진수 구하기)\LAB13_5F(역순 배열 이용하여 이진수 구하기).vcxproj", "{1E51E7DA-0E71-44A8-9795-3ECD3D6F96D4}"
EndProject
Project("{8BC9CEB8-8B4A-11D0-8D11-00A0C91BC942}") = "LAB14B_3", "LAB14B_3\LAB14B_3.vcxproj", "{AD9E1E4B-9875-4DD6-982F-D7DC8A45C070}"
EndProject
Project("{8BC9CEB8-8B4A-11D0-8D11-00A0C91BC942}") = "HW14B_4", "HW14B_4\HW14B_4.vcxproj", "{0AD9C624-AFA7-49F1-B526-74E463176DEF}"
EndProject
Global
	GlobalSection(SolutionConfigurationPlatforms) = preSolution
		Debug|x64 = Debug|x64
		Debug|x86 = Debug|x86
		Release|x64 = Release|x64
		Release|x86 = Release|x86
	EndGlobalSection
	GlobalSection(ProjectConfigurationPlatforms) = postSolution
		{3DAEC7B0-9346-4252-827E-5B539BEAA67C}.Debug|x64.ActiveCfg = Debug|x64
		{3DAEC7B0-9346-4252-827E-5B539BEAA67C}.Debug|x64.Build.0 = Debug|x64
		{3DAEC7B0-9346-4252-827E-5B539BEAA67C}.Debug|x86.ActiveCfg = Debug|Win32
		{3DAEC7B0-9346-4252-827E-5B539BEAA67C}.Debug|x86.Build.0 = Debug|Win32
		{3DAEC7B0-9346-4252-827E-5B539BEAA67C}.Release|x64.ActiveCfg = Release|x64
		{3DAEC7B0-9346-4252-827E-5B539BEAA67C}.Release|x64.Build.0 = Release|x64
		{3DAEC7B0-9346-4252-827E-5B539BEAA67C}.Release|x86.ActiveCfg = Release|Win32
		{3DAEC7B0-9346-4252-827E-5B539BEAA67C}.Release|x86.Build.0 = Release|Win32
		{C3CF7A9D-7BA4-41B7-A656-23727E940A24}.Debug|x64.ActiveCfg = Debug|x64
		{C3CF7A9D-7BA4-41B7-A656-23727E940A24}.Debug|x64.Build.0 = Debug|x64
		{C3CF7A9D-7BA4-41B7-A656-23727E940A24}.Debug|x86.ActiveCfg = Debug|Win32
		{C3CF7A9D-7BA4-41B7-A656-23727E940A24}.Debug|x86.Build.0 = Debug|Win32
		{C3CF7A9D-7BA4-41B7-A656-23727E940A24}.Release|x64.ActiveCfg = Release|x64
		{C3CF7A9D-7BA4-41B7-A656-23727E940A24}.Release|x64.Build.0 = Release|x64
		{C3CF7A9D-7BA4-41B7-A656-23727E940A24}.Release|x86.ActiveCfg = Release|Win32
		{C3CF7A9D-7BA4-41B7-A656-23727E940A24}.Release|x86.Build.0 = Release|Win32
		{B036792B-E8A5-4D98-A6D7-1CC520F1B48B}.Debug|x64.ActiveCfg = Debug|x64
		{B036792B-E8A5-4D98-A6D7-1CC520F1B48B}.Debug|x64.Build.0 = Debug|x64
		{B036792B-E8A5-4D98-A6D7-1CC520F1B48B}.Debug|x86.ActiveCfg = Debug|Win32
		{B036792B-E8A5-4D98-A6D7-1CC520F1B48B}.Debug|x86.Build.0 = Debug|Win32
		{B036792B-E8A5-4D98-A6D7-1CC520F1B48B}.Release|x64.ActiveCfg = Release|x64
		{B036792B-E8A5-4D98-A6D7-1CC520F1B48B}.Release|x64.Build.0 = Release|x64
		{B036792B-E8A5-4D98-A6D7-1CC520F1B48B}.Release|x86.ActiveCfg = Release|Win32
		{B036792B-E8A5-4D98-A6D7-1CC520F1B48B}.Release|x86.Build.0 = Release|Win32
		{681D721F-6F63-480E-AC66-55A81C460D8C}.Debug|x64.ActiveCfg = Debug|x64
		{681D721F-6F63-480E-AC66-55A81C460D8C}.Debug|x64.Build.0 = Debug|x64
		{681D721F-6F63-480E-AC66-55A81C460D8C}.Debug|x86.ActiveCfg = Debug|Win32
		{681D721F-6F63-480E-AC66-55A81C460D8C}.Debug|x86.Build.0 = Debug|Win32
		{681D721F-6F63-480E-AC66-55A81C460D8C}.Release|x64.ActiveCfg = Release|x64
		{681D721F-6F63-480E-AC66-55A81C460D8C}.Release|x64.Build.0 = Release|x64
		{681D721F-6F63-480E-AC66-55A81C460D8C}.Release|x86.ActiveCfg = Release|Win32
		{681D721F-6F63-480E-AC66-55A81C460D8C}.Release|x86.Build.0 = Release|Win32
		{2401281C-A0B4-471A-B66F-CBD8A4B0B3A9}.Debug|x64.ActiveCfg = Debug|x64
		{2401281C-A0B4-471A-B66F-CBD8A4B0B3A9}.Debug|x64.Build.0 = Debug|x64
		{2401281C-A0B4-471A-B66F-CBD8A4B0B3A9}.Debug|x86.ActiveCfg = Debug|Win32
		{2401281C-A0B4-471A-B66F-CBD8A4B0B3A9}.Debug|x86.Build.0 = Debug|Win32
		{2401281C-A0B4-471A-B66F-CBD8A4B0B3A9}.Release|x64.ActiveCfg = Release|x64
		{2401281C-A0B4-471A-B66F-CBD8A4B0B3A9}.Release|x64.Build.0 = Release|x64
		{2401281C-A0B4-471A-B66F-CBD8A4B0B3A9}.Release|x86.ActiveCfg = Release|Win32
		{2401281C-A0B4-471A-B66F-CBD8A4B0B3A9}.Release|x86.Build.0 = Release|Win32
		{1E51E7DA-0E71-44A8-9795-3ECD3D6F96D4}.Debug|x64.ActiveCfg = Debug|x64
		{1E51E7DA-0E71-44A8-9795-3ECD3D6F96D4}.Debug|x64.Build.0 = Debug|x64
		{1E51E7DA-0E71-44A8-9795-3ECD3D6F96D4}.Debug|x86.ActiveCfg = Debug|Win32
		{1E51E7DA-0E71-44A8-9795-3ECD3D6F96D4}.Debug|x86.Build.0 = Debug|Win32
		{1E51E7DA-0E71-44A8-9795-3ECD3D6F96D4}.Release|x64.ActiveCfg = Release|x64
		{1E51E7DA-0E71-44A8-9795-3ECD3D6F96D4}.Release|x64.Build.0 = Release|x64
		{1E51E7DA-0E71-44A8-9795-3ECD3D6F96D4}.Release|x86.ActiveCfg = Release|Win32
		{1E51E7DA-0E71-44A8-9795-3ECD3D6F96D4}.Release|x86.Build.0 = Release|Win32
		{AD9E1E4B-9875-4DD6-982F-D7DC8A45C070}.Debug|x64.ActiveCfg = Debug|x64
		{AD9E1E4B-9875-4DD6-982F-D7DC8A45C070}.Debug|x64.Build.0 = Debug|x64
		{AD9E1E4B-9875-4DD6-982F-D7DC8A45C070}.Debug|x86.ActiveCfg = Debug|Win32
		{AD9E1E4B-9875-4DD6-982F-D7DC8A45C070}.Debug|x86.Build.0 = Debug|Win32
		{AD9E1E4B-9875-4DD6-982F-D7DC8A45C070}.Release|x64.ActiveCfg = Release|x64
		{AD9E1E4B-9875-4DD6-982F-D7DC8A45C070}.Release|x64.Build.0 = Release|x64
		{AD9E1E4B-9875-4DD6-982F-D7DC8A45C070}.Release|x86.ActiveCfg = Release|Win32
		{AD9E1E4B-9875-4DD6-982F-D7DC8A45C070}.Release|x86.Build.0 = Release|Win32
		{0AD9C624-AFA7-49F1-B526-74E463176DEF}.Debug|x64.ActiveCfg = Debug|x64
		{0AD9C624-AFA7-49F1-B526-74E463176DEF}.Debug|x64.Build.0 = Debug|x64
		{0AD9C624-AFA7-49F1-B526-74E463176DEF}.Debug|x86.ActiveCfg = Debug|Win32
		{0AD9C624-AFA7-49F1-B526-74E463176DEF}.Debug|x86.Build.0 = Debug|Win32
		{0AD9C624-AFA7-49F1-B526-74E463176DEF}.Release|x64.ActiveCfg = Release|x64
		{0AD9C624-AFA7-49F1-B526-74E463176DEF}.Release|x64.Build.0 = Release|x64
		{0AD9C624-AFA7-49F1-B526-74E463176DEF}.Release|x86.ActiveCfg = Release|Win32
		{0AD9C624-AFA7-49F1-B526-74E463176DEF}.Release|x86.Build.0 = Release|Win32
	EndGlobalSection
	GlobalSection(SolutionProperties) = preSolution
		HideSolutionNode = FALSE
	EndGlobalSection
	GlobalSection(ExtensibilityGlobals) = postSolution
		SolutionGuid = {A8C5E3C1-924B-4581-ACA7-FBE947C1168A}
	EndGlobalSection
EndGlobal
