
Microsoft Visual Studio Solution File, Format Version 12.00
# Visual Studio Version 17
VisualStudioVersion = 17.1.32210.238
MinimumVisualStudioVersion = 10.0.40219.1
Project("{8BC9CEB8-8B4A-11D0-8D11-00A0C91BC942}") = "문제1", "문제1\문제1.vcxproj", "{87C97EC4-D553-46BF-A63B-536F4666FD3C}"
EndProject
Project("{8BC9CEB8-8B4A-11D0-8D11-00A0C91BC942}") = "문제2", "문제2\문제2.vcxproj", "{353C8F7B-78D9-4F82-915E-69D00F335934}"
EndProject
Project("{8BC9CEB8-8B4A-11D0-8D11-00A0C91BC942}") = "문제3", "문제3\문제3.vcxproj", "{ECAF046C-C11F-41FF-9FC0-3FB7EBCF0877}"
EndProject
Project("{8BC9CEB8-8B4A-11D0-8D11-00A0C91BC942}") = "문제4", "문제4\문제4.vcxproj", "{A80D1C9C-569B-437E-862F-86A738B2D68B}"
EndProject
Project("{8BC9CEB8-8B4A-11D0-8D11-00A0C91BC942}") = "문제5", "문제5\문제5.vcxproj", "{F1BF084E-D801-48C1-9E4B-969425DEA314}"
EndProject
Project("{8BC9CEB8-8B4A-11D0-8D11-00A0C91BC942}") = "문제6", "문제6\문제6.vcxproj", "{5D6E9D0C-E31D-4D22-BE78-4437777FF2BD}"
EndProject
Global
	GlobalSection(SolutionConfigurationPlatforms) = preSolution
		Debug|x64 = Debug|x64
		Debug|x86 = Debug|x86
		Release|x64 = Release|x64
		Release|x86 = Release|x86
	EndGlobalSection
	GlobalSection(ProjectConfigurationPlatforms) = postSolution
		{87C97EC4-D553-46BF-A63B-536F4666FD3C}.Debug|x64.ActiveCfg = Debug|x64
		{87C97EC4-D553-46BF-A63B-536F4666FD3C}.Debug|x64.Build.0 = Debug|x64
		{87C97EC4-D553-46BF-A63B-536F4666FD3C}.Debug|x86.ActiveCfg = Debug|Win32
		{87C97EC4-D553-46BF-A63B-536F4666FD3C}.Debug|x86.Build.0 = Debug|Win32
		{87C97EC4-D553-46BF-A63B-536F4666FD3C}.Release|x64.ActiveCfg = Release|x64
		{87C97EC4-D553-46BF-A63B-536F4666FD3C}.Release|x64.Build.0 = Release|x64
		{87C97EC4-D553-46BF-A63B-536F4666FD3C}.Release|x86.ActiveCfg = Release|Win32
		{87C97EC4-D553-46BF-A63B-536F4666FD3C}.Release|x86.Build.0 = Release|Win32
		{353C8F7B-78D9-4F82-915E-69D00F335934}.Debug|x64.ActiveCfg = Debug|x64
		{353C8F7B-78D9-4F82-915E-69D00F335934}.Debug|x64.Build.0 = Debug|x64
		{353C8F7B-78D9-4F82-915E-69D00F335934}.Debug|x86.ActiveCfg = Debug|Win32
		{353C8F7B-78D9-4F82-915E-69D00F335934}.Debug|x86.Build.0 = Debug|Win32
		{353C8F7B-78D9-4F82-915E-69D00F335934}.Release|x64.ActiveCfg = Release|x64
		{353C8F7B-78D9-4F82-915E-69D00F335934}.Release|x64.Build.0 = Release|x64
		{353C8F7B-78D9-4F82-915E-69D00F335934}.Release|x86.ActiveCfg = Release|Win32
		{353C8F7B-78D9-4F82-915E-69D00F335934}.Release|x86.Build.0 = Release|Win32
		{ECAF046C-C11F-41FF-9FC0-3FB7EBCF0877}.Debug|x64.ActiveCfg = Debug|x64
		{ECAF046C-C11F-41FF-9FC0-3FB7EBCF0877}.Debug|x64.Build.0 = Debug|x64
		{ECAF046C-C11F-41FF-9FC0-3FB7EBCF0877}.Debug|x86.ActiveCfg = Debug|Win32
		{ECAF046C-C11F-41FF-9FC0-3FB7EBCF0877}.Debug|x86.Build.0 = Debug|Win32
		{ECAF046C-C11F-41FF-9FC0-3FB7EBCF0877}.Release|x64.ActiveCfg = Release|x64
		{ECAF046C-C11F-41FF-9FC0-3FB7EBCF0877}.Release|x64.Build.0 = Release|x64
		{ECAF046C-C11F-41FF-9FC0-3FB7EBCF0877}.Release|x86.ActiveCfg = Release|Win32
		{ECAF046C-C11F-41FF-9FC0-3FB7EBCF0877}.Release|x86.Build.0 = Release|Win32
		{A80D1C9C-569B-437E-862F-86A738B2D68B}.Debug|x64.ActiveCfg = Debug|x64
		{A80D1C9C-569B-437E-862F-86A738B2D68B}.Debug|x64.Build.0 = Debug|x64
		{A80D1C9C-569B-437E-862F-86A738B2D68B}.Debug|x86.ActiveCfg = Debug|Win32
		{A80D1C9C-569B-437E-862F-86A738B2D68B}.Debug|x86.Build.0 = Debug|Win32
		{A80D1C9C-569B-437E-862F-86A738B2D68B}.Release|x64.ActiveCfg = Release|x64
		{A80D1C9C-569B-437E-862F-86A738B2D68B}.Release|x64.Build.0 = Release|x64
		{A80D1C9C-569B-437E-862F-86A738B2D68B}.Release|x86.ActiveCfg = Release|Win32
		{A80D1C9C-569B-437E-862F-86A738B2D68B}.Release|x86.Build.0 = Release|Win32
		{F1BF084E-D801-48C1-9E4B-969425DEA314}.Debug|x64.ActiveCfg = Debug|x64
		{F1BF084E-D801-48C1-9E4B-969425DEA314}.Debug|x64.Build.0 = Debug|x64
		{F1BF084E-D801-48C1-9E4B-969425DEA314}.Debug|x86.ActiveCfg = Debug|Win32
		{F1BF084E-D801-48C1-9E4B-969425DEA314}.Debug|x86.Build.0 = Debug|Win32
		{F1BF084E-D801-48C1-9E4B-969425DEA314}.Release|x64.ActiveCfg = Release|x64
		{F1BF084E-D801-48C1-9E4B-969425DEA314}.Release|x64.Build.0 = Release|x64
		{F1BF084E-D801-48C1-9E4B-969425DEA314}.Release|x86.ActiveCfg = Release|Win32
		{F1BF084E-D801-48C1-9E4B-969425DEA314}.Release|x86.Build.0 = Release|Win32
		{5D6E9D0C-E31D-4D22-BE78-4437777FF2BD}.Debug|x64.ActiveCfg = Debug|x64
		{5D6E9D0C-E31D-4D22-BE78-4437777FF2BD}.Debug|x64.Build.0 = Debug|x64
		{5D6E9D0C-E31D-4D22-BE78-4437777FF2BD}.Debug|x86.ActiveCfg = Debug|Win32
		{5D6E9D0C-E31D-4D22-BE78-4437777FF2BD}.Debug|x86.Build.0 = Debug|Win32
		{5D6E9D0C-E31D-4D22-BE78-4437777FF2BD}.Release|x64.ActiveCfg = Release|x64
		{5D6E9D0C-E31D-4D22-BE78-4437777FF2BD}.Release|x64.Build.0 = Release|x64
		{5D6E9D0C-E31D-4D22-BE78-4437777FF2BD}.Release|x86.ActiveCfg = Release|Win32
		{5D6E9D0C-E31D-4D22-BE78-4437777FF2BD}.Release|x86.Build.0 = Release|Win32
	EndGlobalSection
	GlobalSection(SolutionProperties) = preSolution
		HideSolutionNode = FALSE
	EndGlobalSection
	GlobalSection(ExtensibilityGlobals) = postSolution
		SolutionGuid = {A6ADD2C4-F9F6-4CC5-ABBE-2DADADE46941}
	EndGlobalSection
EndGlobal
