
Microsoft Visual Studio Solution File, Format Version 12.00
# Visual Studio Version 17
VisualStudioVersion = 17.1.32210.238
MinimumVisualStudioVersion = 10.0.40219.1
Project("{8BC9CEB8-8B4A-11D0-8D11-00A0C91BC942}") = "LAB8_1", "LAB8_1\LAB8_1.vcxproj", "{4B9697E6-2574-4584-BCEE-22C4F1F0D64E}"
EndProject
Project("{8BC9CEB8-8B4A-11D0-8D11-00A0C91BC942}") = "LAB8_2", "LAB8_2\LAB8_2.vcxproj", "{5926BDD8-D497-4F50-94F4-3B4A10BF7E0F}"
EndProject
Project("{8BC9CEB8-8B4A-11D0-8D11-00A0C91BC942}") = "LAB8_3", "LAB8_3\LAB8_3.vcxproj", "{2DCE7F52-0030-4FD7-ABE9-BFD46DA172D8}"
EndProject
Project("{8BC9CEB8-8B4A-11D0-8D11-00A0C91BC942}") = "LAB8_4", "LAB8_4\LAB8_4.vcxproj", "{7BDD2474-9A3C-4926-8CE3-5D856354EA2E}"
EndProject
Project("{8BC9CEB8-8B4A-11D0-8D11-00A0C91BC942}") = "LAB8_5_1", "LAB8_5\LAB8_5.vcxproj", "{AC033B83-0553-4C56-842B-A05C066A0774}"
EndProject
Project("{8BC9CEB8-8B4A-11D0-8D11-00A0C91BC942}") = "LAB8_5_2", "LAB8_5_2\LAB8_5_2.vcxproj", "{EF202C76-B666-4EF9-BB82-F52865BC1D38}"
EndProject
Project("{8BC9CEB8-8B4A-11D0-8D11-00A0C91BC942}") = "HW8_1", "HW8_1\HW8_1.vcxproj", "{7A178BFE-B55B-497C-918C-FC335B1EB821}"
EndProject
Project("{8BC9CEB8-8B4A-11D0-8D11-00A0C91BC942}") = "HW8_2", "HW8_2\HW8_2.vcxproj", "{F5C6DB79-2BA4-448B-B553-81A9002980DE}"
EndProject
Project("{8BC9CEB8-8B4A-11D0-8D11-00A0C91BC942}") = "HW8_3", "HW8_3\HW8_3.vcxproj", "{8AA2DE9B-A26F-4F71-B528-5F1795C1A88C}"
EndProject
Project("{8BC9CEB8-8B4A-11D0-8D11-00A0C91BC942}") = "HW8_4_1", "HW8_4_1\HW8_4_1.vcxproj", "{C86EB99D-FF27-4FC8-BA85-FA4F150A7520}"
EndProject
Project("{8BC9CEB8-8B4A-11D0-8D11-00A0C91BC942}") = "HW8_7", "HW8_7\HW8_7.vcxproj", "{EAB410CB-CC92-48B0-8BBF-AF63650EEA4E}"
EndProject
Project("{8BC9CEB8-8B4A-11D0-8D11-00A0C91BC942}") = "HW8_8", "HW8_8\HW8_8.vcxproj", "{4D38A553-E125-4F2D-98D3-6DDB719773A6}"
EndProject
Project("{8BC9CEB8-8B4A-11D0-8D11-00A0C91BC942}") = "HW8_4_2", "HW8_4_2\HW8_4_2.vcxproj", "{5EA3BE2F-AE23-4379-9B93-0B732BA1E6CD}"
EndProject
Project("{8BC9CEB8-8B4A-11D0-8D11-00A0C91BC942}") = "HW8_5", "HW8_5\HW8_5.vcxproj", "{B6EE9390-D539-442C-96FE-4E914F3110F4}"
EndProject
Project("{8BC9CEB8-8B4A-11D0-8D11-00A0C91BC942}") = "HW8_6", "HW8_6\HW8_6.vcxproj", "{6E3C84B0-E7C1-45BB-9C4D-2800620E278B}"
EndProject
Project("{8BC9CEB8-8B4A-11D0-8D11-00A0C91BC942}") = "HW9_나", "HW9_나\HW9_나.vcxproj", "{4D879529-A237-4010-982B-6B6AEF353A9A}"
EndProject
Project("{8BC9CEB8-8B4A-11D0-8D11-00A0C91BC942}") = "문제2(약수의 합)", "문제2(약수의 합)\문제2(약수의 합).vcxproj", "{7B079796-C0F5-4FFB-855B-9F6007F743AC}"
EndProject
Project("{8BC9CEB8-8B4A-11D0-8D11-00A0C91BC942}") = "문제4(소수)", "문제4(소수)\문제4(소수).vcxproj", "{4F6EA116-ECD6-4BF7-B2D6-57463E15CCAE}"
EndProject
Project("{8BC9CEB8-8B4A-11D0-8D11-00A0C91BC942}") = "문제6(탐색)", "문제6(탐색)\문제6(탐색).vcxproj", "{469B633D-E4F7-49BF-A5E3-35374E4B33A3}"
EndProject
Global
	GlobalSection(SolutionConfigurationPlatforms) = preSolution
		Debug|x64 = Debug|x64
		Debug|x86 = Debug|x86
		Release|x64 = Release|x64
		Release|x86 = Release|x86
	EndGlobalSection
	GlobalSection(ProjectConfigurationPlatforms) = postSolution
		{4B9697E6-2574-4584-BCEE-22C4F1F0D64E}.Debug|x64.ActiveCfg = Debug|x64
		{4B9697E6-2574-4584-BCEE-22C4F1F0D64E}.Debug|x64.Build.0 = Debug|x64
		{4B9697E6-2574-4584-BCEE-22C4F1F0D64E}.Debug|x86.ActiveCfg = Debug|Win32
		{4B9697E6-2574-4584-BCEE-22C4F1F0D64E}.Debug|x86.Build.0 = Debug|Win32
		{4B9697E6-2574-4584-BCEE-22C4F1F0D64E}.Release|x64.ActiveCfg = Release|x64
		{4B9697E6-2574-4584-BCEE-22C4F1F0D64E}.Release|x64.Build.0 = Release|x64
		{4B9697E6-2574-4584-BCEE-22C4F1F0D64E}.Release|x86.ActiveCfg = Release|Win32
		{4B9697E6-2574-4584-BCEE-22C4F1F0D64E}.Release|x86.Build.0 = Release|Win32
		{5926BDD8-D497-4F50-94F4-3B4A10BF7E0F}.Debug|x64.ActiveCfg = Debug|x64
		{5926BDD8-D497-4F50-94F4-3B4A10BF7E0F}.Debug|x64.Build.0 = Debug|x64
		{5926BDD8-D497-4F50-94F4-3B4A10BF7E0F}.Debug|x86.ActiveCfg = Debug|Win32
		{5926BDD8-D497-4F50-94F4-3B4A10BF7E0F}.Debug|x86.Build.0 = Debug|Win32
		{5926BDD8-D497-4F50-94F4-3B4A10BF7E0F}.Release|x64.ActiveCfg = Release|x64
		{5926BDD8-D497-4F50-94F4-3B4A10BF7E0F}.Release|x64.Build.0 = Release|x64
		{5926BDD8-D497-4F50-94F4-3B4A10BF7E0F}.Release|x86.ActiveCfg = Release|Win32
		{5926BDD8-D497-4F50-94F4-3B4A10BF7E0F}.Release|x86.Build.0 = Release|Win32
		{2DCE7F52-0030-4FD7-ABE9-BFD46DA172D8}.Debug|x64.ActiveCfg = Debug|x64
		{2DCE7F52-0030-4FD7-ABE9-BFD46DA172D8}.Debug|x64.Build.0 = Debug|x64
		{2DCE7F52-0030-4FD7-ABE9-BFD46DA172D8}.Debug|x86.ActiveCfg = Debug|Win32
		{2DCE7F52-0030-4FD7-ABE9-BFD46DA172D8}.Debug|x86.Build.0 = Debug|Win32
		{2DCE7F52-0030-4FD7-ABE9-BFD46DA172D8}.Release|x64.ActiveCfg = Release|x64
		{2DCE7F52-0030-4FD7-ABE9-BFD46DA172D8}.Release|x64.Build.0 = Release|x64
		{2DCE7F52-0030-4FD7-ABE9-BFD46DA172D8}.Release|x86.ActiveCfg = Release|Win32
		{2DCE7F52-0030-4FD7-ABE9-BFD46DA172D8}.Release|x86.Build.0 = Release|Win32
		{7BDD2474-9A3C-4926-8CE3-5D856354EA2E}.Debug|x64.ActiveCfg = Debug|x64
		{7BDD2474-9A3C-4926-8CE3-5D856354EA2E}.Debug|x64.Build.0 = Debug|x64
		{7BDD2474-9A3C-4926-8CE3-5D856354EA2E}.Debug|x86.ActiveCfg = Debug|Win32
		{7BDD2474-9A3C-4926-8CE3-5D856354EA2E}.Debug|x86.Build.0 = Debug|Win32
		{7BDD2474-9A3C-4926-8CE3-5D856354EA2E}.Release|x64.ActiveCfg = Release|x64
		{7BDD2474-9A3C-4926-8CE3-5D856354EA2E}.Release|x64.Build.0 = Release|x64
		{7BDD2474-9A3C-4926-8CE3-5D856354EA2E}.Release|x86.ActiveCfg = Release|Win32
		{7BDD2474-9A3C-4926-8CE3-5D856354EA2E}.Release|x86.Build.0 = Release|Win32
		{AC033B83-0553-4C56-842B-A05C066A0774}.Debug|x64.ActiveCfg = Debug|x64
		{AC033B83-0553-4C56-842B-A05C066A0774}.Debug|x64.Build.0 = Debug|x64
		{AC033B83-0553-4C56-842B-A05C066A0774}.Debug|x86.ActiveCfg = Debug|Win32
		{AC033B83-0553-4C56-842B-A05C066A0774}.Debug|x86.Build.0 = Debug|Win32
		{AC033B83-0553-4C56-842B-A05C066A0774}.Release|x64.ActiveCfg = Release|x64
		{AC033B83-0553-4C56-842B-A05C066A0774}.Release|x64.Build.0 = Release|x64
		{AC033B83-0553-4C56-842B-A05C066A0774}.Release|x86.ActiveCfg = Release|Win32
		{AC033B83-0553-4C56-842B-A05C066A0774}.Release|x86.Build.0 = Release|Win32
		{EF202C76-B666-4EF9-BB82-F52865BC1D38}.Debug|x64.ActiveCfg = Debug|x64
		{EF202C76-B666-4EF9-BB82-F52865BC1D38}.Debug|x64.Build.0 = Debug|x64
		{EF202C76-B666-4EF9-BB82-F52865BC1D38}.Debug|x86.ActiveCfg = Debug|Win32
		{EF202C76-B666-4EF9-BB82-F52865BC1D38}.Debug|x86.Build.0 = Debug|Win32
		{EF202C76-B666-4EF9-BB82-F52865BC1D38}.Release|x64.ActiveCfg = Release|x64
		{EF202C76-B666-4EF9-BB82-F52865BC1D38}.Release|x64.Build.0 = Release|x64
		{EF202C76-B666-4EF9-BB82-F52865BC1D38}.Release|x86.ActiveCfg = Release|Win32
		{EF202C76-B666-4EF9-BB82-F52865BC1D38}.Release|x86.Build.0 = Release|Win32
		{7A178BFE-B55B-497C-918C-FC335B1EB821}.Debug|x64.ActiveCfg = Debug|x64
		{7A178BFE-B55B-497C-918C-FC335B1EB821}.Debug|x64.Build.0 = Debug|x64
		{7A178BFE-B55B-497C-918C-FC335B1EB821}.Debug|x86.ActiveCfg = Debug|Win32
		{7A178BFE-B55B-497C-918C-FC335B1EB821}.Debug|x86.Build.0 = Debug|Win32
		{7A178BFE-B55B-497C-918C-FC335B1EB821}.Release|x64.ActiveCfg = Release|x64
		{7A178BFE-B55B-497C-918C-FC335B1EB821}.Release|x64.Build.0 = Release|x64
		{7A178BFE-B55B-497C-918C-FC335B1EB821}.Release|x86.ActiveCfg = Release|Win32
		{7A178BFE-B55B-497C-918C-FC335B1EB821}.Release|x86.Build.0 = Release|Win32
		{F5C6DB79-2BA4-448B-B553-81A9002980DE}.Debug|x64.ActiveCfg = Debug|x64
		{F5C6DB79-2BA4-448B-B553-81A9002980DE}.Debug|x64.Build.0 = Debug|x64
		{F5C6DB79-2BA4-448B-B553-81A9002980DE}.Debug|x86.ActiveCfg = Debug|Win32
		{F5C6DB79-2BA4-448B-B553-81A9002980DE}.Debug|x86.Build.0 = Debug|Win32
		{F5C6DB79-2BA4-448B-B553-81A9002980DE}.Release|x64.ActiveCfg = Release|x64
		{F5C6DB79-2BA4-448B-B553-81A9002980DE}.Release|x64.Build.0 = Release|x64
		{F5C6DB79-2BA4-448B-B553-81A9002980DE}.Release|x86.ActiveCfg = Release|Win32
		{F5C6DB79-2BA4-448B-B553-81A9002980DE}.Release|x86.Build.0 = Release|Win32
		{8AA2DE9B-A26F-4F71-B528-5F1795C1A88C}.Debug|x64.ActiveCfg = Debug|x64
		{8AA2DE9B-A26F-4F71-B528-5F1795C1A88C}.Debug|x64.Build.0 = Debug|x64
		{8AA2DE9B-A26F-4F71-B528-5F1795C1A88C}.Debug|x86.ActiveCfg = Debug|Win32
		{8AA2DE9B-A26F-4F71-B528-5F1795C1A88C}.Debug|x86.Build.0 = Debug|Win32
		{8AA2DE9B-A26F-4F71-B528-5F1795C1A88C}.Release|x64.ActiveCfg = Release|x64
		{8AA2DE9B-A26F-4F71-B528-5F1795C1A88C}.Release|x64.Build.0 = Release|x64
		{8AA2DE9B-A26F-4F71-B528-5F1795C1A88C}.Release|x86.ActiveCfg = Release|Win32
		{8AA2DE9B-A26F-4F71-B528-5F1795C1A88C}.Release|x86.Build.0 = Release|Win32
		{C86EB99D-FF27-4FC8-BA85-FA4F150A7520}.Debug|x64.ActiveCfg = Debug|x64
		{C86EB99D-FF27-4FC8-BA85-FA4F150A7520}.Debug|x64.Build.0 = Debug|x64
		{C86EB99D-FF27-4FC8-BA85-FA4F150A7520}.Debug|x86.ActiveCfg = Debug|Win32
		{C86EB99D-FF27-4FC8-BA85-FA4F150A7520}.Debug|x86.Build.0 = Debug|Win32
		{C86EB99D-FF27-4FC8-BA85-FA4F150A7520}.Release|x64.ActiveCfg = Release|x64
		{C86EB99D-FF27-4FC8-BA85-FA4F150A7520}.Release|x64.Build.0 = Release|x64
		{C86EB99D-FF27-4FC8-BA85-FA4F150A7520}.Release|x86.ActiveCfg = Release|Win32
		{C86EB99D-FF27-4FC8-BA85-FA4F150A7520}.Release|x86.Build.0 = Release|Win32
		{EAB410CB-CC92-48B0-8BBF-AF63650EEA4E}.Debug|x64.ActiveCfg = Debug|x64
		{EAB410CB-CC92-48B0-8BBF-AF63650EEA4E}.Debug|x64.Build.0 = Debug|x64
		{EAB410CB-CC92-48B0-8BBF-AF63650EEA4E}.Debug|x86.ActiveCfg = Debug|Win32
		{EAB410CB-CC92-48B0-8BBF-AF63650EEA4E}.Debug|x86.Build.0 = Debug|Win32
		{EAB410CB-CC92-48B0-8BBF-AF63650EEA4E}.Release|x64.ActiveCfg = Release|x64
		{EAB410CB-CC92-48B0-8BBF-AF63650EEA4E}.Release|x64.Build.0 = Release|x64
		{EAB410CB-CC92-48B0-8BBF-AF63650EEA4E}.Release|x86.ActiveCfg = Release|Win32
		{EAB410CB-CC92-48B0-8BBF-AF63650EEA4E}.Release|x86.Build.0 = Release|Win32
		{4D38A553-E125-4F2D-98D3-6DDB719773A6}.Debug|x64.ActiveCfg = Debug|x64
		{4D38A553-E125-4F2D-98D3-6DDB719773A6}.Debug|x64.Build.0 = Debug|x64
		{4D38A553-E125-4F2D-98D3-6DDB719773A6}.Debug|x86.ActiveCfg = Debug|Win32
		{4D38A553-E125-4F2D-98D3-6DDB719773A6}.Debug|x86.Build.0 = Debug|Win32
		{4D38A553-E125-4F2D-98D3-6DDB719773A6}.Release|x64.ActiveCfg = Release|x64
		{4D38A553-E125-4F2D-98D3-6DDB719773A6}.Release|x64.Build.0 = Release|x64
		{4D38A553-E125-4F2D-98D3-6DDB719773A6}.Release|x86.ActiveCfg = Release|Win32
		{4D38A553-E125-4F2D-98D3-6DDB719773A6}.Release|x86.Build.0 = Release|Win32
		{5EA3BE2F-AE23-4379-9B93-0B732BA1E6CD}.Debug|x64.ActiveCfg = Debug|x64
		{5EA3BE2F-AE23-4379-9B93-0B732BA1E6CD}.Debug|x64.Build.0 = Debug|x64
		{5EA3BE2F-AE23-4379-9B93-0B732BA1E6CD}.Debug|x86.ActiveCfg = Debug|Win32
		{5EA3BE2F-AE23-4379-9B93-0B732BA1E6CD}.Debug|x86.Build.0 = Debug|Win32
		{5EA3BE2F-AE23-4379-9B93-0B732BA1E6CD}.Release|x64.ActiveCfg = Release|x64
		{5EA3BE2F-AE23-4379-9B93-0B732BA1E6CD}.Release|x64.Build.0 = Release|x64
		{5EA3BE2F-AE23-4379-9B93-0B732BA1E6CD}.Release|x86.ActiveCfg = Release|Win32
		{5EA3BE2F-AE23-4379-9B93-0B732BA1E6CD}.Release|x86.Build.0 = Release|Win32
		{B6EE9390-D539-442C-96FE-4E914F3110F4}.Debug|x64.ActiveCfg = Debug|x64
		{B6EE9390-D539-442C-96FE-4E914F3110F4}.Debug|x64.Build.0 = Debug|x64
		{B6EE9390-D539-442C-96FE-4E914F3110F4}.Debug|x86.ActiveCfg = Debug|Win32
		{B6EE9390-D539-442C-96FE-4E914F3110F4}.Debug|x86.Build.0 = Debug|Win32
		{B6EE9390-D539-442C-96FE-4E914F3110F4}.Release|x64.ActiveCfg = Release|x64
		{B6EE9390-D539-442C-96FE-4E914F3110F4}.Release|x64.Build.0 = Release|x64
		{B6EE9390-D539-442C-96FE-4E914F3110F4}.Release|x86.ActiveCfg = Release|Win32
		{B6EE9390-D539-442C-96FE-4E914F3110F4}.Release|x86.Build.0 = Release|Win32
		{6E3C84B0-E7C1-45BB-9C4D-2800620E278B}.Debug|x64.ActiveCfg = Debug|x64
		{6E3C84B0-E7C1-45BB-9C4D-2800620E278B}.Debug|x64.Build.0 = Debug|x64
		{6E3C84B0-E7C1-45BB-9C4D-2800620E278B}.Debug|x86.ActiveCfg = Debug|Win32
		{6E3C84B0-E7C1-45BB-9C4D-2800620E278B}.Debug|x86.Build.0 = Debug|Win32
		{6E3C84B0-E7C1-45BB-9C4D-2800620E278B}.Release|x64.ActiveCfg = Release|x64
		{6E3C84B0-E7C1-45BB-9C4D-2800620E278B}.Release|x64.Build.0 = Release|x64
		{6E3C84B0-E7C1-45BB-9C4D-2800620E278B}.Release|x86.ActiveCfg = Release|Win32
		{6E3C84B0-E7C1-45BB-9C4D-2800620E278B}.Release|x86.Build.0 = Release|Win32
		{4D879529-A237-4010-982B-6B6AEF353A9A}.Debug|x64.ActiveCfg = Debug|x64
		{4D879529-A237-4010-982B-6B6AEF353A9A}.Debug|x64.Build.0 = Debug|x64
		{4D879529-A237-4010-982B-6B6AEF353A9A}.Debug|x86.ActiveCfg = Debug|Win32
		{4D879529-A237-4010-982B-6B6AEF353A9A}.Debug|x86.Build.0 = Debug|Win32
		{4D879529-A237-4010-982B-6B6AEF353A9A}.Release|x64.ActiveCfg = Release|x64
		{4D879529-A237-4010-982B-6B6AEF353A9A}.Release|x64.Build.0 = Release|x64
		{4D879529-A237-4010-982B-6B6AEF353A9A}.Release|x86.ActiveCfg = Release|Win32
		{4D879529-A237-4010-982B-6B6AEF353A9A}.Release|x86.Build.0 = Release|Win32
		{7B079796-C0F5-4FFB-855B-9F6007F743AC}.Debug|x64.ActiveCfg = Debug|x64
		{7B079796-C0F5-4FFB-855B-9F6007F743AC}.Debug|x64.Build.0 = Debug|x64
		{7B079796-C0F5-4FFB-855B-9F6007F743AC}.Debug|x86.ActiveCfg = Debug|Win32
		{7B079796-C0F5-4FFB-855B-9F6007F743AC}.Debug|x86.Build.0 = Debug|Win32
		{7B079796-C0F5-4FFB-855B-9F6007F743AC}.Release|x64.ActiveCfg = Release|x64
		{7B079796-C0F5-4FFB-855B-9F6007F743AC}.Release|x64.Build.0 = Release|x64
		{7B079796-C0F5-4FFB-855B-9F6007F743AC}.Release|x86.ActiveCfg = Release|Win32
		{7B079796-C0F5-4FFB-855B-9F6007F743AC}.Release|x86.Build.0 = Release|Win32
		{4F6EA116-ECD6-4BF7-B2D6-57463E15CCAE}.Debug|x64.ActiveCfg = Debug|x64
		{4F6EA116-ECD6-4BF7-B2D6-57463E15CCAE}.Debug|x64.Build.0 = Debug|x64
		{4F6EA116-ECD6-4BF7-B2D6-57463E15CCAE}.Debug|x86.ActiveCfg = Debug|Win32
		{4F6EA116-ECD6-4BF7-B2D6-57463E15CCAE}.Debug|x86.Build.0 = Debug|Win32
		{4F6EA116-ECD6-4BF7-B2D6-57463E15CCAE}.Release|x64.ActiveCfg = Release|x64
		{4F6EA116-ECD6-4BF7-B2D6-57463E15CCAE}.Release|x64.Build.0 = Release|x64
		{4F6EA116-ECD6-4BF7-B2D6-57463E15CCAE}.Release|x86.ActiveCfg = Release|Win32
		{4F6EA116-ECD6-4BF7-B2D6-57463E15CCAE}.Release|x86.Build.0 = Release|Win32
		{469B633D-E4F7-49BF-A5E3-35374E4B33A3}.Debug|x64.ActiveCfg = Debug|x64
		{469B633D-E4F7-49BF-A5E3-35374E4B33A3}.Debug|x64.Build.0 = Debug|x64
		{469B633D-E4F7-49BF-A5E3-35374E4B33A3}.Debug|x86.ActiveCfg = Debug|Win32
		{469B633D-E4F7-49BF-A5E3-35374E4B33A3}.Debug|x86.Build.0 = Debug|Win32
		{469B633D-E4F7-49BF-A5E3-35374E4B33A3}.Release|x64.ActiveCfg = Release|x64
		{469B633D-E4F7-49BF-A5E3-35374E4B33A3}.Release|x64.Build.0 = Release|x64
		{469B633D-E4F7-49BF-A5E3-35374E4B33A3}.Release|x86.ActiveCfg = Release|Win32
		{469B633D-E4F7-49BF-A5E3-35374E4B33A3}.Release|x86.Build.0 = Release|Win32
	EndGlobalSection
	GlobalSection(SolutionProperties) = preSolution
		HideSolutionNode = FALSE
	EndGlobalSection
	GlobalSection(ExtensibilityGlobals) = postSolution
		SolutionGuid = {835B6009-FA2C-4126-99EF-22BE0E26F01D}
	EndGlobalSection
EndGlobal
