
Microsoft Visual Studio Solution File, Format Version 12.00
# Visual Studio Version 17
VisualStudioVersion = 17.1.32210.238
MinimumVisualStudioVersion = 10.0.40219.1
Project("{8BC9CEB8-8B4A-11D0-8D11-00A0C91BC942}") = "LAB7_1", "LAB7_1\LAB7_1.vcxproj", "{2DA8BB6A-FA52-44A5-AE8B-86ED16189C85}"
EndProject
Project("{8BC9CEB8-8B4A-11D0-8D11-00A0C91BC942}") = "LAB7_2", "LAB7_2\LAB7_2.vcxproj", "{74B6C642-EFF8-4638-A6D4-9CED2A3D5CF1}"
EndProject
Project("{8BC9CEB8-8B4A-11D0-8D11-00A0C91BC942}") = "HW7_1", "HW7_1\HW7_1.vcxproj", "{3A3F7234-4288-415F-A43F-8BABDA18A386}"
EndProject
Project("{8BC9CEB8-8B4A-11D0-8D11-00A0C91BC942}") = "HW7_2", "HW7_2\HW7_2.vcxproj", "{DC9EA5CB-2314-498B-BCF2-0BF85B60DCB7}"
EndProject
Project("{8BC9CEB8-8B4A-11D0-8D11-00A0C91BC942}") = "LAB7_3", "LAB7_3\LAB7_3.vcxproj", "{EBFE52F2-6306-4754-94B8-4072EECC47C2}"
EndProject
Project("{8BC9CEB8-8B4A-11D0-8D11-00A0C91BC942}") = "LAB7_4", "LAB7_4\LAB7_4.vcxproj", "{00BA201D-8806-476A-A3FE-54C8A0FEC430}"
EndProject
Project("{8BC9CEB8-8B4A-11D0-8D11-00A0C91BC942}") = "LAB7_5", "LAB7_5\LAB7_5.vcxproj", "{C498FBF8-81C5-4CBF-8319-51C66684965F}"
EndProject
Project("{8BC9CEB8-8B4A-11D0-8D11-00A0C91BC942}") = "LAB7_6", "LAB7_6\LAB7_6.vcxproj", "{AB32AD4D-636F-4311-AFEA-A62587CE272E}"
EndProject
Project("{8BC9CEB8-8B4A-11D0-8D11-00A0C91BC942}") = "HW7_3", "HW7_3\HW7_3.vcxproj", "{55B8AEC0-3E48-4E4C-A283-653CA99BC8F5}"
EndProject
Project("{8BC9CEB8-8B4A-11D0-8D11-00A0C91BC942}") = "HW7_4", "HW7_4\HW7_4.vcxproj", "{0E3B9E2A-A996-47C6-A31E-ECAE973C0B91}"
EndProject
Project("{8BC9CEB8-8B4A-11D0-8D11-00A0C91BC942}") = "HW7_6", "HW7_6\HW7_6.vcxproj", "{E80DF04C-E007-4DAC-A7A4-96648C32B8F8}"
EndProject
Global
	GlobalSection(SolutionConfigurationPlatforms) = preSolution
		Debug|x64 = Debug|x64
		Debug|x86 = Debug|x86
		Release|x64 = Release|x64
		Release|x86 = Release|x86
	EndGlobalSection
	GlobalSection(ProjectConfigurationPlatforms) = postSolution
		{2DA8BB6A-FA52-44A5-AE8B-86ED16189C85}.Debug|x64.ActiveCfg = Debug|x64
		{2DA8BB6A-FA52-44A5-AE8B-86ED16189C85}.Debug|x64.Build.0 = Debug|x64
		{2DA8BB6A-FA52-44A5-AE8B-86ED16189C85}.Debug|x86.ActiveCfg = Debug|Win32
		{2DA8BB6A-FA52-44A5-AE8B-86ED16189C85}.Debug|x86.Build.0 = Debug|Win32
		{2DA8BB6A-FA52-44A5-AE8B-86ED16189C85}.Release|x64.ActiveCfg = Release|x64
		{2DA8BB6A-FA52-44A5-AE8B-86ED16189C85}.Release|x64.Build.0 = Release|x64
		{2DA8BB6A-FA52-44A5-AE8B-86ED16189C85}.Release|x86.ActiveCfg = Release|Win32
		{2DA8BB6A-FA52-44A5-AE8B-86ED16189C85}.Release|x86.Build.0 = Release|Win32
		{74B6C642-EFF8-4638-A6D4-9CED2A3D5CF1}.Debug|x64.ActiveCfg = Debug|x64
		{74B6C642-EFF8-4638-A6D4-9CED2A3D5CF1}.Debug|x64.Build.0 = Debug|x64
		{74B6C642-EFF8-4638-A6D4-9CED2A3D5CF1}.Debug|x86.ActiveCfg = Debug|Win32
		{74B6C642-EFF8-4638-A6D4-9CED2A3D5CF1}.Debug|x86.Build.0 = Debug|Win32
		{74B6C642-EFF8-4638-A6D4-9CED2A3D5CF1}.Release|x64.ActiveCfg = Release|x64
		{74B6C642-EFF8-4638-A6D4-9CED2A3D5CF1}.Release|x64.Build.0 = Release|x64
		{74B6C642-EFF8-4638-A6D4-9CED2A3D5CF1}.Release|x86.ActiveCfg = Release|Win32
		{74B6C642-EFF8-4638-A6D4-9CED2A3D5CF1}.Release|x86.Build.0 = Release|Win32
		{3A3F7234-4288-415F-A43F-8BABDA18A386}.Debug|x64.ActiveCfg = Debug|x64
		{3A3F7234-4288-415F-A43F-8BABDA18A386}.Debug|x64.Build.0 = Debug|x64
		{3A3F7234-4288-415F-A43F-8BABDA18A386}.Debug|x86.ActiveCfg = Debug|Win32
		{3A3F7234-4288-415F-A43F-8BABDA18A386}.Debug|x86.Build.0 = Debug|Win32
		{3A3F7234-4288-415F-A43F-8BABDA18A386}.Release|x64.ActiveCfg = Release|x64
		{3A3F7234-4288-415F-A43F-8BABDA18A386}.Release|x64.Build.0 = Release|x64
		{3A3F7234-4288-415F-A43F-8BABDA18A386}.Release|x86.ActiveCfg = Release|Win32
		{3A3F7234-4288-415F-A43F-8BABDA18A386}.Release|x86.Build.0 = Release|Win32
		{DC9EA5CB-2314-498B-BCF2-0BF85B60DCB7}.Debug|x64.ActiveCfg = Debug|x64
		{DC9EA5CB-2314-498B-BCF2-0BF85B60DCB7}.Debug|x64.Build.0 = Debug|x64
		{DC9EA5CB-2314-498B-BCF2-0BF85B60DCB7}.Debug|x86.ActiveCfg = Debug|Win32
		{DC9EA5CB-2314-498B-BCF2-0BF85B60DCB7}.Debug|x86.Build.0 = Debug|Win32
		{DC9EA5CB-2314-498B-BCF2-0BF85B60DCB7}.Release|x64.ActiveCfg = Release|x64
		{DC9EA5CB-2314-498B-BCF2-0BF85B60DCB7}.Release|x64.Build.0 = Release|x64
		{DC9EA5CB-2314-498B-BCF2-0BF85B60DCB7}.Release|x86.ActiveCfg = Release|Win32
		{DC9EA5CB-2314-498B-BCF2-0BF85B60DCB7}.Release|x86.Build.0 = Release|Win32
		{EBFE52F2-6306-4754-94B8-4072EECC47C2}.Debug|x64.ActiveCfg = Debug|x64
		{EBFE52F2-6306-4754-94B8-4072EECC47C2}.Debug|x64.Build.0 = Debug|x64
		{EBFE52F2-6306-4754-94B8-4072EECC47C2}.Debug|x86.ActiveCfg = Debug|Win32
		{EBFE52F2-6306-4754-94B8-4072EECC47C2}.Debug|x86.Build.0 = Debug|Win32
		{EBFE52F2-6306-4754-94B8-4072EECC47C2}.Release|x64.ActiveCfg = Release|x64
		{EBFE52F2-6306-4754-94B8-4072EECC47C2}.Release|x64.Build.0 = Release|x64
		{EBFE52F2-6306-4754-94B8-4072EECC47C2}.Release|x86.ActiveCfg = Release|Win32
		{EBFE52F2-6306-4754-94B8-4072EECC47C2}.Release|x86.Build.0 = Release|Win32
		{00BA201D-8806-476A-A3FE-54C8A0FEC430}.Debug|x64.ActiveCfg = Debug|x64
		{00BA201D-8806-476A-A3FE-54C8A0FEC430}.Debug|x64.Build.0 = Debug|x64
		{00BA201D-8806-476A-A3FE-54C8A0FEC430}.Debug|x86.ActiveCfg = Debug|Win32
		{00BA201D-8806-476A-A3FE-54C8A0FEC430}.Debug|x86.Build.0 = Debug|Win32
		{00BA201D-8806-476A-A3FE-54C8A0FEC430}.Release|x64.ActiveCfg = Release|x64
		{00BA201D-8806-476A-A3FE-54C8A0FEC430}.Release|x64.Build.0 = Release|x64
		{00BA201D-8806-476A-A3FE-54C8A0FEC430}.Release|x86.ActiveCfg = Release|Win32
		{00BA201D-8806-476A-A3FE-54C8A0FEC430}.Release|x86.Build.0 = Release|Win32
		{C498FBF8-81C5-4CBF-8319-51C66684965F}.Debug|x64.ActiveCfg = Debug|x64
		{C498FBF8-81C5-4CBF-8319-51C66684965F}.Debug|x64.Build.0 = Debug|x64
		{C498FBF8-81C5-4CBF-8319-51C66684965F}.Debug|x86.ActiveCfg = Debug|Win32
		{C498FBF8-81C5-4CBF-8319-51C66684965F}.Debug|x86.Build.0 = Debug|Win32
		{C498FBF8-81C5-4CBF-8319-51C66684965F}.Release|x64.ActiveCfg = Release|x64
		{C498FBF8-81C5-4CBF-8319-51C66684965F}.Release|x64.Build.0 = Release|x64
		{C498FBF8-81C5-4CBF-8319-51C66684965F}.Release|x86.ActiveCfg = Release|Win32
		{C498FBF8-81C5-4CBF-8319-51C66684965F}.Release|x86.Build.0 = Release|Win32
		{AB32AD4D-636F-4311-AFEA-A62587CE272E}.Debug|x64.ActiveCfg = Debug|x64
		{AB32AD4D-636F-4311-AFEA-A62587CE272E}.Debug|x64.Build.0 = Debug|x64
		{AB32AD4D-636F-4311-AFEA-A62587CE272E}.Debug|x86.ActiveCfg = Debug|Win32
		{AB32AD4D-636F-4311-AFEA-A62587CE272E}.Debug|x86.Build.0 = Debug|Win32
		{AB32AD4D-636F-4311-AFEA-A62587CE272E}.Release|x64.ActiveCfg = Release|x64
		{AB32AD4D-636F-4311-AFEA-A62587CE272E}.Release|x64.Build.0 = Release|x64
		{AB32AD4D-636F-4311-AFEA-A62587CE272E}.Release|x86.ActiveCfg = Release|Win32
		{AB32AD4D-636F-4311-AFEA-A62587CE272E}.Release|x86.Build.0 = Release|Win32
		{55B8AEC0-3E48-4E4C-A283-653CA99BC8F5}.Debug|x64.ActiveCfg = Debug|x64
		{55B8AEC0-3E48-4E4C-A283-653CA99BC8F5}.Debug|x64.Build.0 = Debug|x64
		{55B8AEC0-3E48-4E4C-A283-653CA99BC8F5}.Debug|x86.ActiveCfg = Debug|Win32
		{55B8AEC0-3E48-4E4C-A283-653CA99BC8F5}.Debug|x86.Build.0 = Debug|Win32
		{55B8AEC0-3E48-4E4C-A283-653CA99BC8F5}.Release|x64.ActiveCfg = Release|x64
		{55B8AEC0-3E48-4E4C-A283-653CA99BC8F5}.Release|x64.Build.0 = Release|x64
		{55B8AEC0-3E48-4E4C-A283-653CA99BC8F5}.Release|x86.ActiveCfg = Release|Win32
		{55B8AEC0-3E48-4E4C-A283-653CA99BC8F5}.Release|x86.Build.0 = Release|Win32
		{0E3B9E2A-A996-47C6-A31E-ECAE973C0B91}.Debug|x64.ActiveCfg = Debug|x64
		{0E3B9E2A-A996-47C6-A31E-ECAE973C0B91}.Debug|x64.Build.0 = Debug|x64
		{0E3B9E2A-A996-47C6-A31E-ECAE973C0B91}.Debug|x86.ActiveCfg = Debug|Win32
		{0E3B9E2A-A996-47C6-A31E-ECAE973C0B91}.Debug|x86.Build.0 = Debug|Win32
		{0E3B9E2A-A996-47C6-A31E-ECAE973C0B91}.Release|x64.ActiveCfg = Release|x64
		{0E3B9E2A-A996-47C6-A31E-ECAE973C0B91}.Release|x64.Build.0 = Release|x64
		{0E3B9E2A-A996-47C6-A31E-ECAE973C0B91}.Release|x86.ActiveCfg = Release|Win32
		{0E3B9E2A-A996-47C6-A31E-ECAE973C0B91}.Release|x86.Build.0 = Release|Win32
		{E80DF04C-E007-4DAC-A7A4-96648C32B8F8}.Debug|x64.ActiveCfg = Debug|x64
		{E80DF04C-E007-4DAC-A7A4-96648C32B8F8}.Debug|x64.Build.0 = Debug|x64
		{E80DF04C-E007-4DAC-A7A4-96648C32B8F8}.Debug|x86.ActiveCfg = Debug|Win32
		{E80DF04C-E007-4DAC-A7A4-96648C32B8F8}.Debug|x86.Build.0 = Debug|Win32
		{E80DF04C-E007-4DAC-A7A4-96648C32B8F8}.Release|x64.ActiveCfg = Release|x64
		{E80DF04C-E007-4DAC-A7A4-96648C32B8F8}.Release|x64.Build.0 = Release|x64
		{E80DF04C-E007-4DAC-A7A4-96648C32B8F8}.Release|x86.ActiveCfg = Release|Win32
		{E80DF04C-E007-4DAC-A7A4-96648C32B8F8}.Release|x86.Build.0 = Release|Win32
	EndGlobalSection
	GlobalSection(SolutionProperties) = preSolution
		HideSolutionNode = FALSE
	EndGlobalSection
	GlobalSection(ExtensibilityGlobals) = postSolution
		SolutionGuid = {5F6011FC-6B66-44B8-9A26-9855FD7D9D84}
	EndGlobalSection
EndGlobal
