
Microsoft Visual Studio Solution File, Format Version 12.00
# Visual Studio Version 17
VisualStudioVersion = 17.1.32210.238
MinimumVisualStudioVersion = 10.0.40219.1
Project("{8BC9CEB8-8B4A-11D0-8D11-00A0C91BC942}") = "LAB10_A", "LAB10_A\LAB10_A.vcxproj", "{E5980BA3-36ED-478F-8E3D-3D0C4B24041F}"
EndProject
Project("{8BC9CEB8-8B4A-11D0-8D11-00A0C91BC942}") = "LAB10_1_1", "LAB10_1_1\LAB10_1_1.vcxproj", "{33E0CC42-3A3E-4978-A989-A3B9F10F2892}"
EndProject
Project("{8BC9CEB8-8B4A-11D0-8D11-00A0C91BC942}") = "LAB10_1_2", "LAB10_1_2\LAB10_1_2.vcxproj", "{A490F8DE-1F32-47B6-B164-0E1F846AA25A}"
EndProject
Project("{8BC9CEB8-8B4A-11D0-8D11-00A0C91BC942}") = "LAB10_2", "LAB10_2\LAB10_2.vcxproj", "{93D49964-1EFD-489E-8843-B1F9D1B3113E}"
EndProject
Project("{8BC9CEB8-8B4A-11D0-8D11-00A0C91BC942}") = "LAB10_3", "LAB10_3\LAB10_3.vcxproj", "{9A186C9E-058B-4B41-9022-EE1BADE2CD81}"
EndProject
Project("{8BC9CEB8-8B4A-11D0-8D11-00A0C91BC942}") = "LAB10_4", "LAB10_4\LAB10_4.vcxproj", "{E24D6117-72D8-47D6-9ED8-1C12099FD42A}"
EndProject
Project("{8BC9CEB8-8B4A-11D0-8D11-00A0C91BC942}") = "LAB10_5_0", "LAB10_5_0\LAB10_5_0.vcxproj", "{7D43165D-3D4F-4F5E-962F-078D222AF76A}"
EndProject
Project("{8BC9CEB8-8B4A-11D0-8D11-00A0C91BC942}") = "LAB10_5_1", "LAB10_5_1\LAB10_5_1.vcxproj", "{7D2A42F1-1948-4DFA-AEC9-D2001CB58532}"
EndProject
Project("{8BC9CEB8-8B4A-11D0-8D11-00A0C91BC942}") = "HW10_1", "HW10_1\HW10_1.vcxproj", "{47703755-32AA-48F2-B135-453AEC68210C}"
EndProject
Project("{8BC9CEB8-8B4A-11D0-8D11-00A0C91BC942}") = "HW10_2", "HW10_2\HW10_2.vcxproj", "{64DC7099-3DB6-4AFF-9417-3DEFFCA6ADFF}"
EndProject
Project("{8BC9CEB8-8B4A-11D0-8D11-00A0C91BC942}") = "HW10_3", "HW10_3\HW10_3.vcxproj", "{F836FFB2-6C90-4052-99E1-CEA4E2269953}"
EndProject
Project("{8BC9CEB8-8B4A-11D0-8D11-00A0C91BC942}") = "HW10_4", "HW10_4\HW10_4.vcxproj", "{FE5DE11F-7E11-46A8-8288-DFE8C1860553}"
EndProject
Project("{8BC9CEB8-8B4A-11D0-8D11-00A0C91BC942}") = "Challenge 10", "Challenge 10\Challenge 10.vcxproj", "{DE452C58-18CB-4477-A447-EB9363ABBBA4}"
EndProject
Project("{8BC9CEB8-8B4A-11D0-8D11-00A0C91BC942}") = "HW9_가_0", "HW9_가_0\HW9_가_0.vcxproj", "{680CFFA2-EF5B-4C36-9B69-E69A4B045BEC}"
EndProject
Project("{8BC9CEB8-8B4A-11D0-8D11-00A0C91BC942}") = "HW9_가_1", "HW9_가_1\HW9_가_1.vcxproj", "{DD60B433-CDD6-40F1-9D71-10B453DDE023}"
EndProject
Project("{8BC9CEB8-8B4A-11D0-8D11-00A0C91BC942}") = "HW9_가_2", "HW9_가_2\HW9_가_2.vcxproj", "{B3502BB2-7705-4F62-94DE-C3448F8FB521}"
EndProject
Project("{8BC9CEB8-8B4A-11D0-8D11-00A0C91BC942}") = "HW9_다(사이클 숫자 출력하기)", "HW9_다(사이클 숫자들 출력하기)\HW9_다(사이클 숫자들 출력하기).vcxproj", "{8550E367-8D24-4BCB-8BFB-DE698239407A}"
EndProject
Global
	GlobalSection(SolutionConfigurationPlatforms) = preSolution
		Debug|x64 = Debug|x64
		Debug|x86 = Debug|x86
		Release|x64 = Release|x64
		Release|x86 = Release|x86
	EndGlobalSection
	GlobalSection(ProjectConfigurationPlatforms) = postSolution
		{E5980BA3-36ED-478F-8E3D-3D0C4B24041F}.Debug|x64.ActiveCfg = Debug|x64
		{E5980BA3-36ED-478F-8E3D-3D0C4B24041F}.Debug|x64.Build.0 = Debug|x64
		{E5980BA3-36ED-478F-8E3D-3D0C4B24041F}.Debug|x86.ActiveCfg = Debug|Win32
		{E5980BA3-36ED-478F-8E3D-3D0C4B24041F}.Debug|x86.Build.0 = Debug|Win32
		{E5980BA3-36ED-478F-8E3D-3D0C4B24041F}.Release|x64.ActiveCfg = Release|x64
		{E5980BA3-36ED-478F-8E3D-3D0C4B24041F}.Release|x64.Build.0 = Release|x64
		{E5980BA3-36ED-478F-8E3D-3D0C4B24041F}.Release|x86.ActiveCfg = Release|Win32
		{E5980BA3-36ED-478F-8E3D-3D0C4B24041F}.Release|x86.Build.0 = Release|Win32
		{33E0CC42-3A3E-4978-A989-A3B9F10F2892}.Debug|x64.ActiveCfg = Debug|x64
		{33E0CC42-3A3E-4978-A989-A3B9F10F2892}.Debug|x64.Build.0 = Debug|x64
		{33E0CC42-3A3E-4978-A989-A3B9F10F2892}.Debug|x86.ActiveCfg = Debug|Win32
		{33E0CC42-3A3E-4978-A989-A3B9F10F2892}.Debug|x86.Build.0 = Debug|Win32
		{33E0CC42-3A3E-4978-A989-A3B9F10F2892}.Release|x64.ActiveCfg = Release|x64
		{33E0CC42-3A3E-4978-A989-A3B9F10F2892}.Release|x64.Build.0 = Release|x64
		{33E0CC42-3A3E-4978-A989-A3B9F10F2892}.Release|x86.ActiveCfg = Release|Win32
		{33E0CC42-3A3E-4978-A989-A3B9F10F2892}.Release|x86.Build.0 = Release|Win32
		{A490F8DE-1F32-47B6-B164-0E1F846AA25A}.Debug|x64.ActiveCfg = Debug|x64
		{A490F8DE-1F32-47B6-B164-0E1F846AA25A}.Debug|x64.Build.0 = Debug|x64
		{A490F8DE-1F32-47B6-B164-0E1F846AA25A}.Debug|x86.ActiveCfg = Debug|Win32
		{A490F8DE-1F32-47B6-B164-0E1F846AA25A}.Debug|x86.Build.0 = Debug|Win32
		{A490F8DE-1F32-47B6-B164-0E1F846AA25A}.Release|x64.ActiveCfg = Release|x64
		{A490F8DE-1F32-47B6-B164-0E1F846AA25A}.Release|x64.Build.0 = Release|x64
		{A490F8DE-1F32-47B6-B164-0E1F846AA25A}.Release|x86.ActiveCfg = Release|Win32
		{A490F8DE-1F32-47B6-B164-0E1F846AA25A}.Release|x86.Build.0 = Release|Win32
		{93D49964-1EFD-489E-8843-B1F9D1B3113E}.Debug|x64.ActiveCfg = Debug|x64
		{93D49964-1EFD-489E-8843-B1F9D1B3113E}.Debug|x64.Build.0 = Debug|x64
		{93D49964-1EFD-489E-8843-B1F9D1B3113E}.Debug|x86.ActiveCfg = Debug|Win32
		{93D49964-1EFD-489E-8843-B1F9D1B3113E}.Debug|x86.Build.0 = Debug|Win32
		{93D49964-1EFD-489E-8843-B1F9D1B3113E}.Release|x64.ActiveCfg = Release|x64
		{93D49964-1EFD-489E-8843-B1F9D1B3113E}.Release|x64.Build.0 = Release|x64
		{93D49964-1EFD-489E-8843-B1F9D1B3113E}.Release|x86.ActiveCfg = Release|Win32
		{93D49964-1EFD-489E-8843-B1F9D1B3113E}.Release|x86.Build.0 = Release|Win32
		{9A186C9E-058B-4B41-9022-EE1BADE2CD81}.Debug|x64.ActiveCfg = Debug|x64
		{9A186C9E-058B-4B41-9022-EE1BADE2CD81}.Debug|x64.Build.0 = Debug|x64
		{9A186C9E-058B-4B41-9022-EE1BADE2CD81}.Debug|x86.ActiveCfg = Debug|Win32
		{9A186C9E-058B-4B41-9022-EE1BADE2CD81}.Debug|x86.Build.0 = Debug|Win32
		{9A186C9E-058B-4B41-9022-EE1BADE2CD81}.Release|x64.ActiveCfg = Release|x64
		{9A186C9E-058B-4B41-9022-EE1BADE2CD81}.Release|x64.Build.0 = Release|x64
		{9A186C9E-058B-4B41-9022-EE1BADE2CD81}.Release|x86.ActiveCfg = Release|Win32
		{9A186C9E-058B-4B41-9022-EE1BADE2CD81}.Release|x86.Build.0 = Release|Win32
		{E24D6117-72D8-47D6-9ED8-1C12099FD42A}.Debug|x64.ActiveCfg = Debug|x64
		{E24D6117-72D8-47D6-9ED8-1C12099FD42A}.Debug|x64.Build.0 = Debug|x64
		{E24D6117-72D8-47D6-9ED8-1C12099FD42A}.Debug|x86.ActiveCfg = Debug|Win32
		{E24D6117-72D8-47D6-9ED8-1C12099FD42A}.Debug|x86.Build.0 = Debug|Win32
		{E24D6117-72D8-47D6-9ED8-1C12099FD42A}.Release|x64.ActiveCfg = Release|x64
		{E24D6117-72D8-47D6-9ED8-1C12099FD42A}.Release|x64.Build.0 = Release|x64
		{E24D6117-72D8-47D6-9ED8-1C12099FD42A}.Release|x86.ActiveCfg = Release|Win32
		{E24D6117-72D8-47D6-9ED8-1C12099FD42A}.Release|x86.Build.0 = Release|Win32
		{7D43165D-3D4F-4F5E-962F-078D222AF76A}.Debug|x64.ActiveCfg = Debug|x64
		{7D43165D-3D4F-4F5E-962F-078D222AF76A}.Debug|x64.Build.0 = Debug|x64
		{7D43165D-3D4F-4F5E-962F-078D222AF76A}.Debug|x86.ActiveCfg = Debug|Win32
		{7D43165D-3D4F-4F5E-962F-078D222AF76A}.Debug|x86.Build.0 = Debug|Win32
		{7D43165D-3D4F-4F5E-962F-078D222AF76A}.Release|x64.ActiveCfg = Release|x64
		{7D43165D-3D4F-4F5E-962F-078D222AF76A}.Release|x64.Build.0 = Release|x64
		{7D43165D-3D4F-4F5E-962F-078D222AF76A}.Release|x86.ActiveCfg = Release|Win32
		{7D43165D-3D4F-4F5E-962F-078D222AF76A}.Release|x86.Build.0 = Release|Win32
		{7D2A42F1-1948-4DFA-AEC9-D2001CB58532}.Debug|x64.ActiveCfg = Debug|x64
		{7D2A42F1-1948-4DFA-AEC9-D2001CB58532}.Debug|x64.Build.0 = Debug|x64
		{7D2A42F1-1948-4DFA-AEC9-D2001CB58532}.Debug|x86.ActiveCfg = Debug|Win32
		{7D2A42F1-1948-4DFA-AEC9-D2001CB58532}.Debug|x86.Build.0 = Debug|Win32
		{7D2A42F1-1948-4DFA-AEC9-D2001CB58532}.Release|x64.ActiveCfg = Release|x64
		{7D2A42F1-1948-4DFA-AEC9-D2001CB58532}.Release|x64.Build.0 = Release|x64
		{7D2A42F1-1948-4DFA-AEC9-D2001CB58532}.Release|x86.ActiveCfg = Release|Win32
		{7D2A42F1-1948-4DFA-AEC9-D2001CB58532}.Release|x86.Build.0 = Release|Win32
		{47703755-32AA-48F2-B135-453AEC68210C}.Debug|x64.ActiveCfg = Debug|x64
		{47703755-32AA-48F2-B135-453AEC68210C}.Debug|x64.Build.0 = Debug|x64
		{47703755-32AA-48F2-B135-453AEC68210C}.Debug|x86.ActiveCfg = Debug|Win32
		{47703755-32AA-48F2-B135-453AEC68210C}.Debug|x86.Build.0 = Debug|Win32
		{47703755-32AA-48F2-B135-453AEC68210C}.Release|x64.ActiveCfg = Release|x64
		{47703755-32AA-48F2-B135-453AEC68210C}.Release|x64.Build.0 = Release|x64
		{47703755-32AA-48F2-B135-453AEC68210C}.Release|x86.ActiveCfg = Release|Win32
		{47703755-32AA-48F2-B135-453AEC68210C}.Release|x86.Build.0 = Release|Win32
		{64DC7099-3DB6-4AFF-9417-3DEFFCA6ADFF}.Debug|x64.ActiveCfg = Debug|x64
		{64DC7099-3DB6-4AFF-9417-3DEFFCA6ADFF}.Debug|x64.Build.0 = Debug|x64
		{64DC7099-3DB6-4AFF-9417-3DEFFCA6ADFF}.Debug|x86.ActiveCfg = Debug|Win32
		{64DC7099-3DB6-4AFF-9417-3DEFFCA6ADFF}.Debug|x86.Build.0 = Debug|Win32
		{64DC7099-3DB6-4AFF-9417-3DEFFCA6ADFF}.Release|x64.ActiveCfg = Release|x64
		{64DC7099-3DB6-4AFF-9417-3DEFFCA6ADFF}.Release|x64.Build.0 = Release|x64
		{64DC7099-3DB6-4AFF-9417-3DEFFCA6ADFF}.Release|x86.ActiveCfg = Release|Win32
		{64DC7099-3DB6-4AFF-9417-3DEFFCA6ADFF}.Release|x86.Build.0 = Release|Win32
		{F836FFB2-6C90-4052-99E1-CEA4E2269953}.Debug|x64.ActiveCfg = Debug|x64
		{F836FFB2-6C90-4052-99E1-CEA4E2269953}.Debug|x64.Build.0 = Debug|x64
		{F836FFB2-6C90-4052-99E1-CEA4E2269953}.Debug|x86.ActiveCfg = Debug|Win32
		{F836FFB2-6C90-4052-99E1-CEA4E2269953}.Debug|x86.Build.0 = Debug|Win32
		{F836FFB2-6C90-4052-99E1-CEA4E2269953}.Release|x64.ActiveCfg = Release|x64
		{F836FFB2-6C90-4052-99E1-CEA4E2269953}.Release|x64.Build.0 = Release|x64
		{F836FFB2-6C90-4052-99E1-CEA4E2269953}.Release|x86.ActiveCfg = Release|Win32
		{F836FFB2-6C90-4052-99E1-CEA4E2269953}.Release|x86.Build.0 = Release|Win32
		{FE5DE11F-7E11-46A8-8288-DFE8C1860553}.Debug|x64.ActiveCfg = Debug|x64
		{FE5DE11F-7E11-46A8-8288-DFE8C1860553}.Debug|x64.Build.0 = Debug|x64
		{FE5DE11F-7E11-46A8-8288-DFE8C1860553}.Debug|x86.ActiveCfg = Debug|Win32
		{FE5DE11F-7E11-46A8-8288-DFE8C1860553}.Debug|x86.Build.0 = Debug|Win32
		{FE5DE11F-7E11-46A8-8288-DFE8C1860553}.Release|x64.ActiveCfg = Release|x64
		{FE5DE11F-7E11-46A8-8288-DFE8C1860553}.Release|x64.Build.0 = Release|x64
		{FE5DE11F-7E11-46A8-8288-DFE8C1860553}.Release|x86.ActiveCfg = Release|Win32
		{FE5DE11F-7E11-46A8-8288-DFE8C1860553}.Release|x86.Build.0 = Release|Win32
		{DE452C58-18CB-4477-A447-EB9363ABBBA4}.Debug|x64.ActiveCfg = Debug|x64
		{DE452C58-18CB-4477-A447-EB9363ABBBA4}.Debug|x64.Build.0 = Debug|x64
		{DE452C58-18CB-4477-A447-EB9363ABBBA4}.Debug|x86.ActiveCfg = Debug|Win32
		{DE452C58-18CB-4477-A447-EB9363ABBBA4}.Debug|x86.Build.0 = Debug|Win32
		{DE452C58-18CB-4477-A447-EB9363ABBBA4}.Release|x64.ActiveCfg = Release|x64
		{DE452C58-18CB-4477-A447-EB9363ABBBA4}.Release|x64.Build.0 = Release|x64
		{DE452C58-18CB-4477-A447-EB9363ABBBA4}.Release|x86.ActiveCfg = Release|Win32
		{DE452C58-18CB-4477-A447-EB9363ABBBA4}.Release|x86.Build.0 = Release|Win32
		{680CFFA2-EF5B-4C36-9B69-E69A4B045BEC}.Debug|x64.ActiveCfg = Debug|x64
		{680CFFA2-EF5B-4C36-9B69-E69A4B045BEC}.Debug|x64.Build.0 = Debug|x64
		{680CFFA2-EF5B-4C36-9B69-E69A4B045BEC}.Debug|x86.ActiveCfg = Debug|Win32
		{680CFFA2-EF5B-4C36-9B69-E69A4B045BEC}.Debug|x86.Build.0 = Debug|Win32
		{680CFFA2-EF5B-4C36-9B69-E69A4B045BEC}.Release|x64.ActiveCfg = Release|x64
		{680CFFA2-EF5B-4C36-9B69-E69A4B045BEC}.Release|x64.Build.0 = Release|x64
		{680CFFA2-EF5B-4C36-9B69-E69A4B045BEC}.Release|x86.ActiveCfg = Release|Win32
		{680CFFA2-EF5B-4C36-9B69-E69A4B045BEC}.Release|x86.Build.0 = Release|Win32
		{DD60B433-CDD6-40F1-9D71-10B453DDE023}.Debug|x64.ActiveCfg = Debug|x64
		{DD60B433-CDD6-40F1-9D71-10B453DDE023}.Debug|x64.Build.0 = Debug|x64
		{DD60B433-CDD6-40F1-9D71-10B453DDE023}.Debug|x86.ActiveCfg = Debug|Win32
		{DD60B433-CDD6-40F1-9D71-10B453DDE023}.Debug|x86.Build.0 = Debug|Win32
		{DD60B433-CDD6-40F1-9D71-10B453DDE023}.Release|x64.ActiveCfg = Release|x64
		{DD60B433-CDD6-40F1-9D71-10B453DDE023}.Release|x64.Build.0 = Release|x64
		{DD60B433-CDD6-40F1-9D71-10B453DDE023}.Release|x86.ActiveCfg = Release|Win32
		{DD60B433-CDD6-40F1-9D71-10B453DDE023}.Release|x86.Build.0 = Release|Win32
		{B3502BB2-7705-4F62-94DE-C3448F8FB521}.Debug|x64.ActiveCfg = Debug|x64
		{B3502BB2-7705-4F62-94DE-C3448F8FB521}.Debug|x64.Build.0 = Debug|x64
		{B3502BB2-7705-4F62-94DE-C3448F8FB521}.Debug|x86.ActiveCfg = Debug|Win32
		{B3502BB2-7705-4F62-94DE-C3448F8FB521}.Debug|x86.Build.0 = Debug|Win32
		{B3502BB2-7705-4F62-94DE-C3448F8FB521}.Release|x64.ActiveCfg = Release|x64
		{B3502BB2-7705-4F62-94DE-C3448F8FB521}.Release|x64.Build.0 = Release|x64
		{B3502BB2-7705-4F62-94DE-C3448F8FB521}.Release|x86.ActiveCfg = Release|Win32
		{B3502BB2-7705-4F62-94DE-C3448F8FB521}.Release|x86.Build.0 = Release|Win32
		{8550E367-8D24-4BCB-8BFB-DE698239407A}.Debug|x64.ActiveCfg = Debug|x64
		{8550E367-8D24-4BCB-8BFB-DE698239407A}.Debug|x64.Build.0 = Debug|x64
		{8550E367-8D24-4BCB-8BFB-DE698239407A}.Debug|x86.ActiveCfg = Debug|Win32
		{8550E367-8D24-4BCB-8BFB-DE698239407A}.Debug|x86.Build.0 = Debug|Win32
		{8550E367-8D24-4BCB-8BFB-DE698239407A}.Release|x64.ActiveCfg = Release|x64
		{8550E367-8D24-4BCB-8BFB-DE698239407A}.Release|x64.Build.0 = Release|x64
		{8550E367-8D24-4BCB-8BFB-DE698239407A}.Release|x86.ActiveCfg = Release|Win32
		{8550E367-8D24-4BCB-8BFB-DE698239407A}.Release|x86.Build.0 = Release|Win32
	EndGlobalSection
	GlobalSection(SolutionProperties) = preSolution
		HideSolutionNode = FALSE
	EndGlobalSection
	GlobalSection(ExtensibilityGlobals) = postSolution
		SolutionGuid = {8BC05B21-1ACF-448D-95D8-C8433B92D78F}
	EndGlobalSection
EndGlobal
