
Microsoft Visual Studio Solution File, Format Version 12.00
# Visual Studio Version 17
VisualStudioVersion = 17.1.32210.238
MinimumVisualStudioVersion = 10.0.40219.1
Project("{8BC9CEB8-8B4A-11D0-8D11-00A0C91BC942}") = "LAB13B_0", "LAB13B_0\LAB13B_0.vcxproj", "{42F6C9D6-4D98-475C-8611-56AB2A77EFAC}"
EndProject
Project("{8BC9CEB8-8B4A-11D0-8D11-00A0C91BC942}") = "LAB13B_a", "LAB13B_a\LAB13B_a.vcxproj", "{819785B3-E1CD-4678-989B-95B0EC7F64F3}"
EndProject
Project("{8BC9CEB8-8B4A-11D0-8D11-00A0C91BC942}") = "LAB13B_1_1", "LAB13B_1_1\LAB13B_1_1.vcxproj", "{A8EA4A72-C107-40CD-BBFA-7EBC07F2F3FA}"
EndProject
Project("{8BC9CEB8-8B4A-11D0-8D11-00A0C91BC942}") = "LAB13B_1_2", "LAB13B_1_2\LAB13B_1_2.vcxproj", "{D088C9F6-EB76-4D68-A2A5-0B549E20B3E6}"
EndProject
Project("{8BC9CEB8-8B4A-11D0-8D11-00A0C91BC942}") = "LAB13B_2_1", "LAB13B_2_1\LAB13B_2_1.vcxproj", "{B2384757-5A5F-4720-B3EB-D2982C1C77E8}"
EndProject
Project("{8BC9CEB8-8B4A-11D0-8D11-00A0C91BC942}") = "LAB13B_2_2", "LAB13B_2_2\LAB13B_2_2.vcxproj", "{C2AAC361-885D-437B-9A42-B06F9FEEDCA5}"
EndProject
Project("{8BC9CEB8-8B4A-11D0-8D11-00A0C91BC942}") = "HW13B_1", "HW13B_1\HW13B_1.vcxproj", "{893D653B-C244-4F4F-9FE9-31A800518490}"
EndProject
Project("{8BC9CEB8-8B4A-11D0-8D11-00A0C91BC942}") = "HW13B_2", "HW13B_2\HW13B_2.vcxproj", "{9E36AB52-2D3D-464C-AD24-2CEC01B714C7}"
EndProject
Project("{8BC9CEB8-8B4A-11D0-8D11-00A0C91BC942}") = "HW13B_3", "HW13B_3\HW13B_3.vcxproj", "{00C926EA-8170-499F-9BE2-2BFFFA0026F0}"
EndProject
Project("{8BC9CEB8-8B4A-11D0-8D11-00A0C91BC942}") = "challenge13a", "challenge13a\challenge13a.vcxproj", "{7FED9B22-D638-4378-91D7-2005C0E8E5CD}"
EndProject
Project("{8BC9CEB8-8B4A-11D0-8D11-00A0C91BC942}") = "challenge13b", "challenge13b\challenge13b.vcxproj", "{E04A8EF5-7F9D-4EC9-B6B7-862E19E8C9AB}"
EndProject
Project("{8BC9CEB8-8B4A-11D0-8D11-00A0C91BC942}") = "challenge13c", "challenge13c\challenge13c.vcxproj", "{69F551A8-7CC4-44DB-A8B1-E9E0A8557ADF}"
EndProject
Project("{8BC9CEB8-8B4A-11D0-8D11-00A0C91BC942}") = "challenge13d", "challenge13d\challenge13d.vcxproj", "{951460F9-D066-4B9A-A71A-511671040BBC}"
EndProject
Global
	GlobalSection(SolutionConfigurationPlatforms) = preSolution
		Debug|x64 = Debug|x64
		Debug|x86 = Debug|x86
		Release|x64 = Release|x64
		Release|x86 = Release|x86
	EndGlobalSection
	GlobalSection(ProjectConfigurationPlatforms) = postSolution
		{42F6C9D6-4D98-475C-8611-56AB2A77EFAC}.Debug|x64.ActiveCfg = Debug|x64
		{42F6C9D6-4D98-475C-8611-56AB2A77EFAC}.Debug|x64.Build.0 = Debug|x64
		{42F6C9D6-4D98-475C-8611-56AB2A77EFAC}.Debug|x86.ActiveCfg = Debug|Win32
		{42F6C9D6-4D98-475C-8611-56AB2A77EFAC}.Debug|x86.Build.0 = Debug|Win32
		{42F6C9D6-4D98-475C-8611-56AB2A77EFAC}.Release|x64.ActiveCfg = Release|x64
		{42F6C9D6-4D98-475C-8611-56AB2A77EFAC}.Release|x64.Build.0 = Release|x64
		{42F6C9D6-4D98-475C-8611-56AB2A77EFAC}.Release|x86.ActiveCfg = Release|Win32
		{42F6C9D6-4D98-475C-8611-56AB2A77EFAC}.Release|x86.Build.0 = Release|Win32
		{819785B3-E1CD-4678-989B-95B0EC7F64F3}.Debug|x64.ActiveCfg = Debug|x64
		{819785B3-E1CD-4678-989B-95B0EC7F64F3}.Debug|x64.Build.0 = Debug|x64
		{819785B3-E1CD-4678-989B-95B0EC7F64F3}.Debug|x86.ActiveCfg = Debug|Win32
		{819785B3-E1CD-4678-989B-95B0EC7F64F3}.Debug|x86.Build.0 = Debug|Win32
		{819785B3-E1CD-4678-989B-95B0EC7F64F3}.Release|x64.ActiveCfg = Release|x64
		{819785B3-E1CD-4678-989B-95B0EC7F64F3}.Release|x64.Build.0 = Release|x64
		{819785B3-E1CD-4678-989B-95B0EC7F64F3}.Release|x86.ActiveCfg = Release|Win32
		{819785B3-E1CD-4678-989B-95B0EC7F64F3}.Release|x86.Build.0 = Release|Win32
		{A8EA4A72-C107-40CD-BBFA-7EBC07F2F3FA}.Debug|x64.ActiveCfg = Debug|x64
		{A8EA4A72-C107-40CD-BBFA-7EBC07F2F3FA}.Debug|x64.Build.0 = Debug|x64
		{A8EA4A72-C107-40CD-BBFA-7EBC07F2F3FA}.Debug|x86.ActiveCfg = Debug|Win32
		{A8EA4A72-C107-40CD-BBFA-7EBC07F2F3FA}.Debug|x86.Build.0 = Debug|Win32
		{A8EA4A72-C107-40CD-BBFA-7EBC07F2F3FA}.Release|x64.ActiveCfg = Release|x64
		{A8EA4A72-C107-40CD-BBFA-7EBC07F2F3FA}.Release|x64.Build.0 = Release|x64
		{A8EA4A72-C107-40CD-BBFA-7EBC07F2F3FA}.Release|x86.ActiveCfg = Release|Win32
		{A8EA4A72-C107-40CD-BBFA-7EBC07F2F3FA}.Release|x86.Build.0 = Release|Win32
		{D088C9F6-EB76-4D68-A2A5-0B549E20B3E6}.Debug|x64.ActiveCfg = Debug|x64
		{D088C9F6-EB76-4D68-A2A5-0B549E20B3E6}.Debug|x64.Build.0 = Debug|x64
		{D088C9F6-EB76-4D68-A2A5-0B549E20B3E6}.Debug|x86.ActiveCfg = Debug|Win32
		{D088C9F6-EB76-4D68-A2A5-0B549E20B3E6}.Debug|x86.Build.0 = Debug|Win32
		{D088C9F6-EB76-4D68-A2A5-0B549E20B3E6}.Release|x64.ActiveCfg = Release|x64
		{D088C9F6-EB76-4D68-A2A5-0B549E20B3E6}.Release|x64.Build.0 = Release|x64
		{D088C9F6-EB76-4D68-A2A5-0B549E20B3E6}.Release|x86.ActiveCfg = Release|Win32
		{D088C9F6-EB76-4D68-A2A5-0B549E20B3E6}.Release|x86.Build.0 = Release|Win32
		{B2384757-5A5F-4720-B3EB-D2982C1C77E8}.Debug|x64.ActiveCfg = Debug|x64
		{B2384757-5A5F-4720-B3EB-D2982C1C77E8}.Debug|x64.Build.0 = Debug|x64
		{B2384757-5A5F-4720-B3EB-D2982C1C77E8}.Debug|x86.ActiveCfg = Debug|Win32
		{B2384757-5A5F-4720-B3EB-D2982C1C77E8}.Debug|x86.Build.0 = Debug|Win32
		{B2384757-5A5F-4720-B3EB-D2982C1C77E8}.Release|x64.ActiveCfg = Release|x64
		{B2384757-5A5F-4720-B3EB-D2982C1C77E8}.Release|x64.Build.0 = Release|x64
		{B2384757-5A5F-4720-B3EB-D2982C1C77E8}.Release|x86.ActiveCfg = Release|Win32
		{B2384757-5A5F-4720-B3EB-D2982C1C77E8}.Release|x86.Build.0 = Release|Win32
		{C2AAC361-885D-437B-9A42-B06F9FEEDCA5}.Debug|x64.ActiveCfg = Debug|x64
		{C2AAC361-885D-437B-9A42-B06F9FEEDCA5}.Debug|x64.Build.0 = Debug|x64
		{C2AAC361-885D-437B-9A42-B06F9FEEDCA5}.Debug|x86.ActiveCfg = Debug|Win32
		{C2AAC361-885D-437B-9A42-B06F9FEEDCA5}.Debug|x86.Build.0 = Debug|Win32
		{C2AAC361-885D-437B-9A42-B06F9FEEDCA5}.Release|x64.ActiveCfg = Release|x64
		{C2AAC361-885D-437B-9A42-B06F9FEEDCA5}.Release|x64.Build.0 = Release|x64
		{C2AAC361-885D-437B-9A42-B06F9FEEDCA5}.Release|x86.ActiveCfg = Release|Win32
		{C2AAC361-885D-437B-9A42-B06F9FEEDCA5}.Release|x86.Build.0 = Release|Win32
		{893D653B-C244-4F4F-9FE9-31A800518490}.Debug|x64.ActiveCfg = Debug|x64
		{893D653B-C244-4F4F-9FE9-31A800518490}.Debug|x64.Build.0 = Debug|x64
		{893D653B-C244-4F4F-9FE9-31A800518490}.Debug|x86.ActiveCfg = Debug|Win32
		{893D653B-C244-4F4F-9FE9-31A800518490}.Debug|x86.Build.0 = Debug|Win32
		{893D653B-C244-4F4F-9FE9-31A800518490}.Release|x64.ActiveCfg = Release|x64
		{893D653B-C244-4F4F-9FE9-31A800518490}.Release|x64.Build.0 = Release|x64
		{893D653B-C244-4F4F-9FE9-31A800518490}.Release|x86.ActiveCfg = Release|Win32
		{893D653B-C244-4F4F-9FE9-31A800518490}.Release|x86.Build.0 = Release|Win32
		{9E36AB52-2D3D-464C-AD24-2CEC01B714C7}.Debug|x64.ActiveCfg = Debug|x64
		{9E36AB52-2D3D-464C-AD24-2CEC01B714C7}.Debug|x64.Build.0 = Debug|x64
		{9E36AB52-2D3D-464C-AD24-2CEC01B714C7}.Debug|x86.ActiveCfg = Debug|Win32
		{9E36AB52-2D3D-464C-AD24-2CEC01B714C7}.Debug|x86.Build.0 = Debug|Win32
		{9E36AB52-2D3D-464C-AD24-2CEC01B714C7}.Release|x64.ActiveCfg = Release|x64
		{9E36AB52-2D3D-464C-AD24-2CEC01B714C7}.Release|x64.Build.0 = Release|x64
		{9E36AB52-2D3D-464C-AD24-2CEC01B714C7}.Release|x86.ActiveCfg = Release|Win32
		{9E36AB52-2D3D-464C-AD24-2CEC01B714C7}.Release|x86.Build.0 = Release|Win32
		{00C926EA-8170-499F-9BE2-2BFFFA0026F0}.Debug|x64.ActiveCfg = Debug|x64
		{00C926EA-8170-499F-9BE2-2BFFFA0026F0}.Debug|x64.Build.0 = Debug|x64
		{00C926EA-8170-499F-9BE2-2BFFFA0026F0}.Debug|x86.ActiveCfg = Debug|Win32
		{00C926EA-8170-499F-9BE2-2BFFFA0026F0}.Debug|x86.Build.0 = Debug|Win32
		{00C926EA-8170-499F-9BE2-2BFFFA0026F0}.Release|x64.ActiveCfg = Release|x64
		{00C926EA-8170-499F-9BE2-2BFFFA0026F0}.Release|x64.Build.0 = Release|x64
		{00C926EA-8170-499F-9BE2-2BFFFA0026F0}.Release|x86.ActiveCfg = Release|Win32
		{00C926EA-8170-499F-9BE2-2BFFFA0026F0}.Release|x86.Build.0 = Release|Win32
		{7FED9B22-D638-4378-91D7-2005C0E8E5CD}.Debug|x64.ActiveCfg = Debug|x64
		{7FED9B22-D638-4378-91D7-2005C0E8E5CD}.Debug|x64.Build.0 = Debug|x64
		{7FED9B22-D638-4378-91D7-2005C0E8E5CD}.Debug|x86.ActiveCfg = Debug|Win32
		{7FED9B22-D638-4378-91D7-2005C0E8E5CD}.Debug|x86.Build.0 = Debug|Win32
		{7FED9B22-D638-4378-91D7-2005C0E8E5CD}.Release|x64.ActiveCfg = Release|x64
		{7FED9B22-D638-4378-91D7-2005C0E8E5CD}.Release|x64.Build.0 = Release|x64
		{7FED9B22-D638-4378-91D7-2005C0E8E5CD}.Release|x86.ActiveCfg = Release|Win32
		{7FED9B22-D638-4378-91D7-2005C0E8E5CD}.Release|x86.Build.0 = Release|Win32
		{E04A8EF5-7F9D-4EC9-B6B7-862E19E8C9AB}.Debug|x64.ActiveCfg = Debug|x64
		{E04A8EF5-7F9D-4EC9-B6B7-862E19E8C9AB}.Debug|x64.Build.0 = Debug|x64
		{E04A8EF5-7F9D-4EC9-B6B7-862E19E8C9AB}.Debug|x86.ActiveCfg = Debug|Win32
		{E04A8EF5-7F9D-4EC9-B6B7-862E19E8C9AB}.Debug|x86.Build.0 = Debug|Win32
		{E04A8EF5-7F9D-4EC9-B6B7-862E19E8C9AB}.Release|x64.ActiveCfg = Release|x64
		{E04A8EF5-7F9D-4EC9-B6B7-862E19E8C9AB}.Release|x64.Build.0 = Release|x64
		{E04A8EF5-7F9D-4EC9-B6B7-862E19E8C9AB}.Release|x86.ActiveCfg = Release|Win32
		{E04A8EF5-7F9D-4EC9-B6B7-862E19E8C9AB}.Release|x86.Build.0 = Release|Win32
		{69F551A8-7CC4-44DB-A8B1-E9E0A8557ADF}.Debug|x64.ActiveCfg = Debug|x64
		{69F551A8-7CC4-44DB-A8B1-E9E0A8557ADF}.Debug|x64.Build.0 = Debug|x64
		{69F551A8-7CC4-44DB-A8B1-E9E0A8557ADF}.Debug|x86.ActiveCfg = Debug|Win32
		{69F551A8-7CC4-44DB-A8B1-E9E0A8557ADF}.Debug|x86.Build.0 = Debug|Win32
		{69F551A8-7CC4-44DB-A8B1-E9E0A8557ADF}.Release|x64.ActiveCfg = Release|x64
		{69F551A8-7CC4-44DB-A8B1-E9E0A8557ADF}.Release|x64.Build.0 = Release|x64
		{69F551A8-7CC4-44DB-A8B1-E9E0A8557ADF}.Release|x86.ActiveCfg = Release|Win32
		{69F551A8-7CC4-44DB-A8B1-E9E0A8557ADF}.Release|x86.Build.0 = Release|Win32
		{951460F9-D066-4B9A-A71A-511671040BBC}.Debug|x64.ActiveCfg = Debug|x64
		{951460F9-D066-4B9A-A71A-511671040BBC}.Debug|x64.Build.0 = Debug|x64
		{951460F9-D066-4B9A-A71A-511671040BBC}.Debug|x86.ActiveCfg = Debug|Win32
		{951460F9-D066-4B9A-A71A-511671040BBC}.Debug|x86.Build.0 = Debug|Win32
		{951460F9-D066-4B9A-A71A-511671040BBC}.Release|x64.ActiveCfg = Release|x64
		{951460F9-D066-4B9A-A71A-511671040BBC}.Release|x64.Build.0 = Release|x64
		{951460F9-D066-4B9A-A71A-511671040BBC}.Release|x86.ActiveCfg = Release|Win32
		{951460F9-D066-4B9A-A71A-511671040BBC}.Release|x86.Build.0 = Release|Win32
	EndGlobalSection
	GlobalSection(SolutionProperties) = preSolution
		HideSolutionNode = FALSE
	EndGlobalSection
	GlobalSection(ExtensibilityGlobals) = postSolution
		SolutionGuid = {0D207F21-35A2-44E3-A0DE-757BE980B440}
	EndGlobalSection
EndGlobal
