
Microsoft Visual Studio Solution File, Format Version 12.00
# Visual Studio Version 17
VisualStudioVersion = 17.1.32210.238
MinimumVisualStudioVersion = 10.0.40219.1
Project("{8BC9CEB8-8B4A-11D0-8D11-00A0C91BC942}") = "LAB12_1", "LAB12_1\LAB12_1.vcxproj", "{ABFE6499-D765-4F9D-BA49-57E7F6E14011}"
EndProject
Project("{8BC9CEB8-8B4A-11D0-8D11-00A0C91BC942}") = "LAB12_2", "LAB12_2\LAB12_2.vcxproj", "{12041530-7B9C-4BBA-B5F7-D52937BFA106}"
EndProject
Project("{8BC9CEB8-8B4A-11D0-8D11-00A0C91BC942}") = "LAB12_3", "LAB12_3\LAB12_3.vcxproj", "{D506D143-550B-4D52-A607-BEE79BE0D5C7}"
EndProject
Project("{8BC9CEB8-8B4A-11D0-8D11-00A0C91BC942}") = "LAB12_4", "LAB12_4\LAB12_4.vcxproj", "{CBC8586B-9CF8-4B17-89BB-0CC3AB8EB25F}"
EndProject
Project("{8BC9CEB8-8B4A-11D0-8D11-00A0C91BC942}") = "HW12_1", "HW12_1\HW12_1.vcxproj", "{694F2C83-B2B9-4CB9-BD38-41A723EC3F81}"
EndProject
Project("{8BC9CEB8-8B4A-11D0-8D11-00A0C91BC942}") = "HW12_2", "HW12_2\HW12_2.vcxproj", "{C48DCF52-CBF1-4282-981C-7ED75331D1AF}"
EndProject
Project("{8BC9CEB8-8B4A-11D0-8D11-00A0C91BC942}") = "HW12_3", "HW12_3\HW12_3.vcxproj", "{FF9F0FD4-4516-4386-AE73-4018E127F46A}"
EndProject
Project("{8BC9CEB8-8B4A-11D0-8D11-00A0C91BC942}") = "LAB13_1", "LAB13_1\LAB13_1.vcxproj", "{FCAE5050-2157-495F-8080-E47B3297F403}"
EndProject
Project("{8BC9CEB8-8B4A-11D0-8D11-00A0C91BC942}") = "LAB13_2", "LAB13_2\LAB13_2.vcxproj", "{2EBD10FF-2934-4CF7-AD33-B7654D479557}"
EndProject
Project("{8BC9CEB8-8B4A-11D0-8D11-00A0C91BC942}") = "LAB13_3", "LAB13_3\LAB13_3.vcxproj", "{DEF53F89-A1FD-41C9-9B0B-C68E83703F79}"
EndProject
Project("{8BC9CEB8-8B4A-11D0-8D11-00A0C91BC942}") = "LAB13_5", "LAB13_5\LAB13_5.vcxproj", "{51772D9A-2AB4-433E-9C6E-7686023133D8}"
EndProject
Global
	GlobalSection(SolutionConfigurationPlatforms) = preSolution
		Debug|x64 = Debug|x64
		Debug|x86 = Debug|x86
		Release|x64 = Release|x64
		Release|x86 = Release|x86
	EndGlobalSection
	GlobalSection(ProjectConfigurationPlatforms) = postSolution
		{ABFE6499-D765-4F9D-BA49-57E7F6E14011}.Debug|x64.ActiveCfg = Debug|x64
		{ABFE6499-D765-4F9D-BA49-57E7F6E14011}.Debug|x64.Build.0 = Debug|x64
		{ABFE6499-D765-4F9D-BA49-57E7F6E14011}.Debug|x86.ActiveCfg = Debug|Win32
		{ABFE6499-D765-4F9D-BA49-57E7F6E14011}.Debug|x86.Build.0 = Debug|Win32
		{ABFE6499-D765-4F9D-BA49-57E7F6E14011}.Release|x64.ActiveCfg = Release|x64
		{ABFE6499-D765-4F9D-BA49-57E7F6E14011}.Release|x64.Build.0 = Release|x64
		{ABFE6499-D765-4F9D-BA49-57E7F6E14011}.Release|x86.ActiveCfg = Release|Win32
		{ABFE6499-D765-4F9D-BA49-57E7F6E14011}.Release|x86.Build.0 = Release|Win32
		{12041530-7B9C-4BBA-B5F7-D52937BFA106}.Debug|x64.ActiveCfg = Debug|x64
		{12041530-7B9C-4BBA-B5F7-D52937BFA106}.Debug|x64.Build.0 = Debug|x64
		{12041530-7B9C-4BBA-B5F7-D52937BFA106}.Debug|x86.ActiveCfg = Debug|Win32
		{12041530-7B9C-4BBA-B5F7-D52937BFA106}.Debug|x86.Build.0 = Debug|Win32
		{12041530-7B9C-4BBA-B5F7-D52937BFA106}.Release|x64.ActiveCfg = Release|x64
		{12041530-7B9C-4BBA-B5F7-D52937BFA106}.Release|x64.Build.0 = Release|x64
		{12041530-7B9C-4BBA-B5F7-D52937BFA106}.Release|x86.ActiveCfg = Release|Win32
		{12041530-7B9C-4BBA-B5F7-D52937BFA106}.Release|x86.Build.0 = Release|Win32
		{D506D143-550B-4D52-A607-BEE79BE0D5C7}.Debug|x64.ActiveCfg = Debug|x64
		{D506D143-550B-4D52-A607-BEE79BE0D5C7}.Debug|x64.Build.0 = Debug|x64
		{D506D143-550B-4D52-A607-BEE79BE0D5C7}.Debug|x86.ActiveCfg = Debug|Win32
		{D506D143-550B-4D52-A607-BEE79BE0D5C7}.Debug|x86.Build.0 = Debug|Win32
		{D506D143-550B-4D52-A607-BEE79BE0D5C7}.Release|x64.ActiveCfg = Release|x64
		{D506D143-550B-4D52-A607-BEE79BE0D5C7}.Release|x64.Build.0 = Release|x64
		{D506D143-550B-4D52-A607-BEE79BE0D5C7}.Release|x86.ActiveCfg = Release|Win32
		{D506D143-550B-4D52-A607-BEE79BE0D5C7}.Release|x86.Build.0 = Release|Win32
		{CBC8586B-9CF8-4B17-89BB-0CC3AB8EB25F}.Debug|x64.ActiveCfg = Debug|x64
		{CBC8586B-9CF8-4B17-89BB-0CC3AB8EB25F}.Debug|x64.Build.0 = Debug|x64
		{CBC8586B-9CF8-4B17-89BB-0CC3AB8EB25F}.Debug|x86.ActiveCfg = Debug|Win32
		{CBC8586B-9CF8-4B17-89BB-0CC3AB8EB25F}.Debug|x86.Build.0 = Debug|Win32
		{CBC8586B-9CF8-4B17-89BB-0CC3AB8EB25F}.Release|x64.ActiveCfg = Release|x64
		{CBC8586B-9CF8-4B17-89BB-0CC3AB8EB25F}.Release|x64.Build.0 = Release|x64
		{CBC8586B-9CF8-4B17-89BB-0CC3AB8EB25F}.Release|x86.ActiveCfg = Release|Win32
		{CBC8586B-9CF8-4B17-89BB-0CC3AB8EB25F}.Release|x86.Build.0 = Release|Win32
		{694F2C83-B2B9-4CB9-BD38-41A723EC3F81}.Debug|x64.ActiveCfg = Debug|x64
		{694F2C83-B2B9-4CB9-BD38-41A723EC3F81}.Debug|x64.Build.0 = Debug|x64
		{694F2C83-B2B9-4CB9-BD38-41A723EC3F81}.Debug|x86.ActiveCfg = Debug|Win32
		{694F2C83-B2B9-4CB9-BD38-41A723EC3F81}.Debug|x86.Build.0 = Debug|Win32
		{694F2C83-B2B9-4CB9-BD38-41A723EC3F81}.Release|x64.ActiveCfg = Release|x64
		{694F2C83-B2B9-4CB9-BD38-41A723EC3F81}.Release|x64.Build.0 = Release|x64
		{694F2C83-B2B9-4CB9-BD38-41A723EC3F81}.Release|x86.ActiveCfg = Release|Win32
		{694F2C83-B2B9-4CB9-BD38-41A723EC3F81}.Release|x86.Build.0 = Release|Win32
		{C48DCF52-CBF1-4282-981C-7ED75331D1AF}.Debug|x64.ActiveCfg = Debug|x64
		{C48DCF52-CBF1-4282-981C-7ED75331D1AF}.Debug|x64.Build.0 = Debug|x64
		{C48DCF52-CBF1-4282-981C-7ED75331D1AF}.Debug|x86.ActiveCfg = Debug|Win32
		{C48DCF52-CBF1-4282-981C-7ED75331D1AF}.Debug|x86.Build.0 = Debug|Win32
		{C48DCF52-CBF1-4282-981C-7ED75331D1AF}.Release|x64.ActiveCfg = Release|x64
		{C48DCF52-CBF1-4282-981C-7ED75331D1AF}.Release|x64.Build.0 = Release|x64
		{C48DCF52-CBF1-4282-981C-7ED75331D1AF}.Release|x86.ActiveCfg = Release|Win32
		{C48DCF52-CBF1-4282-981C-7ED75331D1AF}.Release|x86.Build.0 = Release|Win32
		{FF9F0FD4-4516-4386-AE73-4018E127F46A}.Debug|x64.ActiveCfg = Debug|x64
		{FF9F0FD4-4516-4386-AE73-4018E127F46A}.Debug|x64.Build.0 = Debug|x64
		{FF9F0FD4-4516-4386-AE73-4018E127F46A}.Debug|x86.ActiveCfg = Debug|Win32
		{FF9F0FD4-4516-4386-AE73-4018E127F46A}.Debug|x86.Build.0 = Debug|Win32
		{FF9F0FD4-4516-4386-AE73-4018E127F46A}.Release|x64.ActiveCfg = Release|x64
		{FF9F0FD4-4516-4386-AE73-4018E127F46A}.Release|x64.Build.0 = Release|x64
		{FF9F0FD4-4516-4386-AE73-4018E127F46A}.Release|x86.ActiveCfg = Release|Win32
		{FF9F0FD4-4516-4386-AE73-4018E127F46A}.Release|x86.Build.0 = Release|Win32
		{FCAE5050-2157-495F-8080-E47B3297F403}.Debug|x64.ActiveCfg = Debug|x64
		{FCAE5050-2157-495F-8080-E47B3297F403}.Debug|x64.Build.0 = Debug|x64
		{FCAE5050-2157-495F-8080-E47B3297F403}.Debug|x86.ActiveCfg = Debug|Win32
		{FCAE5050-2157-495F-8080-E47B3297F403}.Debug|x86.Build.0 = Debug|Win32
		{FCAE5050-2157-495F-8080-E47B3297F403}.Release|x64.ActiveCfg = Release|x64
		{FCAE5050-2157-495F-8080-E47B3297F403}.Release|x64.Build.0 = Release|x64
		{FCAE5050-2157-495F-8080-E47B3297F403}.Release|x86.ActiveCfg = Release|Win32
		{FCAE5050-2157-495F-8080-E47B3297F403}.Release|x86.Build.0 = Release|Win32
		{2EBD10FF-2934-4CF7-AD33-B7654D479557}.Debug|x64.ActiveCfg = Debug|x64
		{2EBD10FF-2934-4CF7-AD33-B7654D479557}.Debug|x64.Build.0 = Debug|x64
		{2EBD10FF-2934-4CF7-AD33-B7654D479557}.Debug|x86.ActiveCfg = Debug|Win32
		{2EBD10FF-2934-4CF7-AD33-B7654D479557}.Debug|x86.Build.0 = Debug|Win32
		{2EBD10FF-2934-4CF7-AD33-B7654D479557}.Release|x64.ActiveCfg = Release|x64
		{2EBD10FF-2934-4CF7-AD33-B7654D479557}.Release|x64.Build.0 = Release|x64
		{2EBD10FF-2934-4CF7-AD33-B7654D479557}.Release|x86.ActiveCfg = Release|Win32
		{2EBD10FF-2934-4CF7-AD33-B7654D479557}.Release|x86.Build.0 = Release|Win32
		{DEF53F89-A1FD-41C9-9B0B-C68E83703F79}.Debug|x64.ActiveCfg = Debug|x64
		{DEF53F89-A1FD-41C9-9B0B-C68E83703F79}.Debug|x64.Build.0 = Debug|x64
		{DEF53F89-A1FD-41C9-9B0B-C68E83703F79}.Debug|x86.ActiveCfg = Debug|Win32
		{DEF53F89-A1FD-41C9-9B0B-C68E83703F79}.Debug|x86.Build.0 = Debug|Win32
		{DEF53F89-A1FD-41C9-9B0B-C68E83703F79}.Release|x64.ActiveCfg = Release|x64
		{DEF53F89-A1FD-41C9-9B0B-C68E83703F79}.Release|x64.Build.0 = Release|x64
		{DEF53F89-A1FD-41C9-9B0B-C68E83703F79}.Release|x86.ActiveCfg = Release|Win32
		{DEF53F89-A1FD-41C9-9B0B-C68E83703F79}.Release|x86.Build.0 = Release|Win32
		{51772D9A-2AB4-433E-9C6E-7686023133D8}.Debug|x64.ActiveCfg = Debug|x64
		{51772D9A-2AB4-433E-9C6E-7686023133D8}.Debug|x64.Build.0 = Debug|x64
		{51772D9A-2AB4-433E-9C6E-7686023133D8}.Debug|x86.ActiveCfg = Debug|Win32
		{51772D9A-2AB4-433E-9C6E-7686023133D8}.Debug|x86.Build.0 = Debug|Win32
		{51772D9A-2AB4-433E-9C6E-7686023133D8}.Release|x64.ActiveCfg = Release|x64
		{51772D9A-2AB4-433E-9C6E-7686023133D8}.Release|x64.Build.0 = Release|x64
		{51772D9A-2AB4-433E-9C6E-7686023133D8}.Release|x86.ActiveCfg = Release|Win32
		{51772D9A-2AB4-433E-9C6E-7686023133D8}.Release|x86.Build.0 = Release|Win32
	EndGlobalSection
	GlobalSection(SolutionProperties) = preSolution
		HideSolutionNode = FALSE
	EndGlobalSection
	GlobalSection(ExtensibilityGlobals) = postSolution
		SolutionGuid = {95AE3290-1748-4D06-92FC-02AC2FA1F516}
	EndGlobalSection
EndGlobal
