
Microsoft Visual Studio Solution File, Format Version 12.00
# Visual Studio Version 17
VisualStudioVersion = 17.1.32210.238
MinimumVisualStudioVersion = 10.0.40219.1
Project("{8BC9CEB8-8B4A-11D0-8D11-00A0C91BC942}") = "LAB3_1", "LAB3_1\LAB3_1.vcxproj", "{7F6DAE7C-DB6A-416B-BA1B-9290EF8894AB}"
EndProject
Project("{8BC9CEB8-8B4A-11D0-8D11-00A0C91BC942}") = "LAB3_2", "LAB3_2\LAB3_2.vcxproj", "{48381891-44E6-4965-93E5-1E5701E20312}"
EndProject
Project("{8BC9CEB8-8B4A-11D0-8D11-00A0C91BC942}") = "LAB3_3", "LAB3_3\LAB3_3.vcxproj", "{D83D8CFD-7793-4B94-A589-4AE1CA5AB7CD}"
EndProject
Project("{8BC9CEB8-8B4A-11D0-8D11-00A0C91BC942}") = "LAB3_4", "LAB3_4\LAB3_4.vcxproj", "{8EBA48B2-2B4B-4520-A2AB-EEAF5B19D9EE}"
EndProject
Project("{8BC9CEB8-8B4A-11D0-8D11-00A0C91BC942}") = "HW3_1", "HW3_1\HW3_1.vcxproj", "{A52D39E6-9282-4720-9012-13F2A51ECF10}"
EndProject
Project("{8BC9CEB8-8B4A-11D0-8D11-00A0C91BC942}") = "HW3_2", "HW3_2\HW3_2.vcxproj", "{AB74AE63-C624-42A3-B1D2-9A1175DDF2DB}"
EndProject
Project("{8BC9CEB8-8B4A-11D0-8D11-00A0C91BC942}") = "HW3_3", "HW3_3\HW3_3.vcxproj", "{709807CD-5741-4348-AAB9-348B80AA00CD}"
EndProject
Project("{8BC9CEB8-8B4A-11D0-8D11-00A0C91BC942}") = "HW3_4", "HW3_4\HW3_4.vcxproj", "{A9679ED3-45CC-4DBD-AD3C-B65892BFA195}"
EndProject
Global
	GlobalSection(SolutionConfigurationPlatforms) = preSolution
		Debug|x64 = Debug|x64
		Debug|x86 = Debug|x86
		Release|x64 = Release|x64
		Release|x86 = Release|x86
	EndGlobalSection
	GlobalSection(ProjectConfigurationPlatforms) = postSolution
		{7F6DAE7C-DB6A-416B-BA1B-9290EF8894AB}.Debug|x64.ActiveCfg = Debug|x64
		{7F6DAE7C-DB6A-416B-BA1B-9290EF8894AB}.Debug|x64.Build.0 = Debug|x64
		{7F6DAE7C-DB6A-416B-BA1B-9290EF8894AB}.Debug|x86.ActiveCfg = Debug|Win32
		{7F6DAE7C-DB6A-416B-BA1B-9290EF8894AB}.Debug|x86.Build.0 = Debug|Win32
		{7F6DAE7C-DB6A-416B-BA1B-9290EF8894AB}.Release|x64.ActiveCfg = Release|x64
		{7F6DAE7C-DB6A-416B-BA1B-9290EF8894AB}.Release|x64.Build.0 = Release|x64
		{7F6DAE7C-DB6A-416B-BA1B-9290EF8894AB}.Release|x86.ActiveCfg = Release|Win32
		{7F6DAE7C-DB6A-416B-BA1B-9290EF8894AB}.Release|x86.Build.0 = Release|Win32
		{48381891-44E6-4965-93E5-1E5701E20312}.Debug|x64.ActiveCfg = Debug|x64
		{48381891-44E6-4965-93E5-1E5701E20312}.Debug|x64.Build.0 = Debug|x64
		{48381891-44E6-4965-93E5-1E5701E20312}.Debug|x86.ActiveCfg = Debug|Win32
		{48381891-44E6-4965-93E5-1E5701E20312}.Debug|x86.Build.0 = Debug|Win32
		{48381891-44E6-4965-93E5-1E5701E20312}.Release|x64.ActiveCfg = Release|x64
		{48381891-44E6-4965-93E5-1E5701E20312}.Release|x64.Build.0 = Release|x64
		{48381891-44E6-4965-93E5-1E5701E20312}.Release|x86.ActiveCfg = Release|Win32
		{48381891-44E6-4965-93E5-1E5701E20312}.Release|x86.Build.0 = Release|Win32
		{D83D8CFD-7793-4B94-A589-4AE1CA5AB7CD}.Debug|x64.ActiveCfg = Debug|x64
		{D83D8CFD-7793-4B94-A589-4AE1CA5AB7CD}.Debug|x64.Build.0 = Debug|x64
		{D83D8CFD-7793-4B94-A589-4AE1CA5AB7CD}.Debug|x86.ActiveCfg = Debug|Win32
		{D83D8CFD-7793-4B94-A589-4AE1CA5AB7CD}.Debug|x86.Build.0 = Debug|Win32
		{D83D8CFD-7793-4B94-A589-4AE1CA5AB7CD}.Release|x64.ActiveCfg = Release|x64
		{D83D8CFD-7793-4B94-A589-4AE1CA5AB7CD}.Release|x64.Build.0 = Release|x64
		{D83D8CFD-7793-4B94-A589-4AE1CA5AB7CD}.Release|x86.ActiveCfg = Release|Win32
		{D83D8CFD-7793-4B94-A589-4AE1CA5AB7CD}.Release|x86.Build.0 = Release|Win32
		{8EBA48B2-2B4B-4520-A2AB-EEAF5B19D9EE}.Debug|x64.ActiveCfg = Debug|x64
		{8EBA48B2-2B4B-4520-A2AB-EEAF5B19D9EE}.Debug|x64.Build.0 = Debug|x64
		{8EBA48B2-2B4B-4520-A2AB-EEAF5B19D9EE}.Debug|x86.ActiveCfg = Debug|Win32
		{8EBA48B2-2B4B-4520-A2AB-EEAF5B19D9EE}.Debug|x86.Build.0 = Debug|Win32
		{8EBA48B2-2B4B-4520-A2AB-EEAF5B19D9EE}.Release|x64.ActiveCfg = Release|x64
		{8EBA48B2-2B4B-4520-A2AB-EEAF5B19D9EE}.Release|x64.Build.0 = Release|x64
		{8EBA48B2-2B4B-4520-A2AB-EEAF5B19D9EE}.Release|x86.ActiveCfg = Release|Win32
		{8EBA48B2-2B4B-4520-A2AB-EEAF5B19D9EE}.Release|x86.Build.0 = Release|Win32
		{A52D39E6-9282-4720-9012-13F2A51ECF10}.Debug|x64.ActiveCfg = Debug|x64
		{A52D39E6-9282-4720-9012-13F2A51ECF10}.Debug|x64.Build.0 = Debug|x64
		{A52D39E6-9282-4720-9012-13F2A51ECF10}.Debug|x86.ActiveCfg = Debug|Win32
		{A52D39E6-9282-4720-9012-13F2A51ECF10}.Debug|x86.Build.0 = Debug|Win32
		{A52D39E6-9282-4720-9012-13F2A51ECF10}.Release|x64.ActiveCfg = Release|x64
		{A52D39E6-9282-4720-9012-13F2A51ECF10}.Release|x64.Build.0 = Release|x64
		{A52D39E6-9282-4720-9012-13F2A51ECF10}.Release|x86.ActiveCfg = Release|Win32
		{A52D39E6-9282-4720-9012-13F2A51ECF10}.Release|x86.Build.0 = Release|Win32
		{AB74AE63-C624-42A3-B1D2-9A1175DDF2DB}.Debug|x64.ActiveCfg = Debug|x64
		{AB74AE63-C624-42A3-B1D2-9A1175DDF2DB}.Debug|x64.Build.0 = Debug|x64
		{AB74AE63-C624-42A3-B1D2-9A1175DDF2DB}.Debug|x86.ActiveCfg = Debug|Win32
		{AB74AE63-C624-42A3-B1D2-9A1175DDF2DB}.Debug|x86.Build.0 = Debug|Win32
		{AB74AE63-C624-42A3-B1D2-9A1175DDF2DB}.Release|x64.ActiveCfg = Release|x64
		{AB74AE63-C624-42A3-B1D2-9A1175DDF2DB}.Release|x64.Build.0 = Release|x64
		{AB74AE63-C624-42A3-B1D2-9A1175DDF2DB}.Release|x86.ActiveCfg = Release|Win32
		{AB74AE63-C624-42A3-B1D2-9A1175DDF2DB}.Release|x86.Build.0 = Release|Win32
		{709807CD-5741-4348-AAB9-348B80AA00CD}.Debug|x64.ActiveCfg = Debug|x64
		{709807CD-5741-4348-AAB9-348B80AA00CD}.Debug|x64.Build.0 = Debug|x64
		{709807CD-5741-4348-AAB9-348B80AA00CD}.Debug|x86.ActiveCfg = Debug|Win32
		{709807CD-5741-4348-AAB9-348B80AA00CD}.Debug|x86.Build.0 = Debug|Win32
		{709807CD-5741-4348-AAB9-348B80AA00CD}.Release|x64.ActiveCfg = Release|x64
		{709807CD-5741-4348-AAB9-348B80AA00CD}.Release|x64.Build.0 = Release|x64
		{709807CD-5741-4348-AAB9-348B80AA00CD}.Release|x86.ActiveCfg = Release|Win32
		{709807CD-5741-4348-AAB9-348B80AA00CD}.Release|x86.Build.0 = Release|Win32
		{A9679ED3-45CC-4DBD-AD3C-B65892BFA195}.Debug|x64.ActiveCfg = Debug|x64
		{A9679ED3-45CC-4DBD-AD3C-B65892BFA195}.Debug|x64.Build.0 = Debug|x64
		{A9679ED3-45CC-4DBD-AD3C-B65892BFA195}.Debug|x86.ActiveCfg = Debug|Win32
		{A9679ED3-45CC-4DBD-AD3C-B65892BFA195}.Debug|x86.Build.0 = Debug|Win32
		{A9679ED3-45CC-4DBD-AD3C-B65892BFA195}.Release|x64.ActiveCfg = Release|x64
		{A9679ED3-45CC-4DBD-AD3C-B65892BFA195}.Release|x64.Build.0 = Release|x64
		{A9679ED3-45CC-4DBD-AD3C-B65892BFA195}.Release|x86.ActiveCfg = Release|Win32
		{A9679ED3-45CC-4DBD-AD3C-B65892BFA195}.Release|x86.Build.0 = Release|Win32
	EndGlobalSection
	GlobalSection(SolutionProperties) = preSolution
		HideSolutionNode = FALSE
	EndGlobalSection
	GlobalSection(ExtensibilityGlobals) = postSolution
		SolutionGuid = {72F479CE-8CF3-4099-8905-D6F5B147C66D}
	EndGlobalSection
EndGlobal
